// !$*UTF8*$!
{
	archiveVersion = 1;
	classes = {
	};
	objectVersion = 51;
	objects = {

/* Begin PBXBuildFile section */
		6A6F037286663B3788E95EAB /* Pods_Parqueadero.framework in Frameworks */ = {isa = PBXBuildFile; fileRef = 20857A92F240A42CD4F3CB31 /* Pods_Parqueadero.framework */; };
		D11FD49923E8A7C00017883D /* Vehicles.storyboard in Resources */ = {isa = PBXBuildFile; fileRef = D11FD49823E8A7C00017883D /* Vehicles.storyboard */; };
		D15962AD23F3538000C0814B /* ParkingDAOImplTest.swift in Sources */ = {isa = PBXBuildFile; fileRef = D15962AC23F3538000C0814B /* ParkingDAOImplTest.swift */; };
		D16A7C1723E0AD120059A613 /* AppDelegate.swift in Sources */ = {isa = PBXBuildFile; fileRef = D16A7C1623E0AD120059A613 /* AppDelegate.swift */; };
		D16A7C1923E0AD120059A613 /* SceneDelegate.swift in Sources */ = {isa = PBXBuildFile; fileRef = D16A7C1823E0AD120059A613 /* SceneDelegate.swift */; };
		D16A7C2023E0AD130059A613 /* Assets.xcassets in Resources */ = {isa = PBXBuildFile; fileRef = D16A7C1F23E0AD130059A613 /* Assets.xcassets */; };
		D16A7C2323E0AD130059A613 /* LaunchScreen.storyboard in Resources */ = {isa = PBXBuildFile; fileRef = D16A7C2123E0AD130059A613 /* LaunchScreen.storyboard */; };
		D16A7C2E23E0AD140059A613 /* ParqueaderoTests.swift in Sources */ = {isa = PBXBuildFile; fileRef = D16A7C2D23E0AD140059A613 /* ParqueaderoTests.swift */; };
		D16A7C3923E0AD140059A613 /* ParqueaderoUITests.swift in Sources */ = {isa = PBXBuildFile; fileRef = D16A7C3823E0AD140059A613 /* ParqueaderoUITests.swift */; };
		D19D1AAB23E8B729003FDB0E /* VehiclesViewController.swift in Sources */ = {isa = PBXBuildFile; fileRef = D19D1AAA23E8B729003FDB0E /* VehiclesViewController.swift */; };
		D19D1AAD23E8B87C003FDB0E /* ParkingViewModel.swift in Sources */ = {isa = PBXBuildFile; fileRef = D19D1AAC23E8B87C003FDB0E /* ParkingViewModel.swift */; };
		D19D1AAF23E8BC2F003FDB0E /* VehiclesViewControllerHelper.swift in Sources */ = {isa = PBXBuildFile; fileRef = D19D1AAE23E8BC2F003FDB0E /* VehiclesViewControllerHelper.swift */; };
		D19D1AB523E8BD45003FDB0E /* VehicleCell.swift in Sources */ = {isa = PBXBuildFile; fileRef = D19D1AB323E8BD45003FDB0E /* VehicleCell.swift */; };
		D19D1AB623E8BD45003FDB0E /* VehicleCell.xib in Resources */ = {isa = PBXBuildFile; fileRef = D19D1AB423E8BD45003FDB0E /* VehicleCell.xib */; };
		D19D1AB923E8C385003FDB0E /* ExtensionHelpers.swift in Sources */ = {isa = PBXBuildFile; fileRef = D19D1AB823E8C385003FDB0E /* ExtensionHelpers.swift */; };
		D19D1ABD23E8C4A8003FDB0E /* AddVehicle.storyboard in Resources */ = {isa = PBXBuildFile; fileRef = D19D1ABC23E8C4A8003FDB0E /* AddVehicle.storyboard */; };
		D19D1ABF23E8C4CA003FDB0E /* AddVehicleViewController.swift in Sources */ = {isa = PBXBuildFile; fileRef = D19D1ABE23E8C4CA003FDB0E /* AddVehicleViewController.swift */; };
		D1A164F723E35479008F7D32 /* EnumParkingPrices.swift in Sources */ = {isa = PBXBuildFile; fileRef = D1A164F623E35479008F7D32 /* EnumParkingPrices.swift */; };
		D1B2BF4723E4A66B0044F90D /* ParkingDAOImpl.swift in Sources */ = {isa = PBXBuildFile; fileRef = D1B2BF4623E4A66B0044F90D /* ParkingDAOImpl.swift */; };
		D1BB456C23F1E2DE00719A47 /* AddVehicleViewModel.swift in Sources */ = {isa = PBXBuildFile; fileRef = D1BB456B23F1E2DE00719A47 /* AddVehicleViewModel.swift */; };
		D1BB456E23F2E76700719A47 /* EnumModelResponse.swift in Sources */ = {isa = PBXBuildFile; fileRef = D1BB456D23F2E76700719A47 /* EnumModelResponse.swift */; };
		D1BB457023F2E7BF00719A47 /* EnumGetInServiceErrors.swift in Sources */ = {isa = PBXBuildFile; fileRef = D1BB456F23F2E7BF00719A47 /* EnumGetInServiceErrors.swift */; };
		D1BB457323F3320300719A47 /* VehicleTestDatBuilder.swift in Sources */ = {isa = PBXBuildFile; fileRef = D1BB457223F3320300719A47 /* VehicleTestDatBuilder.swift */; };
		D1C0C69523F1A30E00200D98 /* ListVehiclesService.swift in Sources */ = {isa = PBXBuildFile; fileRef = D1C0C69423F1A30E00200D98 /* ListVehiclesService.swift */; };
		D1D98B8B23EAFF8800574A35 /* Response.swift in Sources */ = {isa = PBXBuildFile; fileRef = D1D98B8A23EAFF8800574A35 /* Response.swift */; };
		D1D98B8D23EB16B900574A35 /* ParkingDAOProtocol.swift in Sources */ = {isa = PBXBuildFile; fileRef = D1D98B8C23EB16B900574A35 /* ParkingDAOProtocol.swift */; };
		D1D98B9023EB1A1600574A35 /* ParkingModel.swift in Sources */ = {isa = PBXBuildFile; fileRef = D1D98B8F23EB1A1600574A35 /* ParkingModel.swift */; };
		D1D98B9223EB7D1200574A35 /* GetInVehicleService.swift in Sources */ = {isa = PBXBuildFile; fileRef = D1D98B9123EB7D1200574A35 /* GetInVehicleService.swift */; };
		D1D98B9423EB7D6C00574A35 /* GetOutVehicleService.swift in Sources */ = {isa = PBXBuildFile; fileRef = D1D98B9323EB7D6C00574A35 /* GetOutVehicleService.swift */; };
		D1D98B9723EB7E3E00574A35 /* CalculatePaymentProtocol.swift in Sources */ = {isa = PBXBuildFile; fileRef = D1D98B9623EB7E3E00574A35 /* CalculatePaymentProtocol.swift */; };
		D1D98B9923EB7EE000574A35 /* CalculatePaymentCar.swift in Sources */ = {isa = PBXBuildFile; fileRef = D1D98B9823EB7EE000574A35 /* CalculatePaymentCar.swift */; };
		D1D98B9B23EB7EF000574A35 /* CalculatePaymentMotorcycle.swift in Sources */ = {isa = PBXBuildFile; fileRef = D1D98B9A23EB7EF000574A35 /* CalculatePaymentMotorcycle.swift */; };
		D1D98B9D23EB806500574A35 /* CalculatePaymentContext.swift in Sources */ = {isa = PBXBuildFile; fileRef = D1D98B9C23EB806500574A35 /* CalculatePaymentContext.swift */; };
		D1D98BA223EC614D00574A35 /* MapperVehicleProtocol.swift in Sources */ = {isa = PBXBuildFile; fileRef = D1D98BA123EC614D00574A35 /* MapperVehicleProtocol.swift */; };
		D1D98BA723EC966B00574A35 /* VehicleEntity.swift in Sources */ = {isa = PBXBuildFile; fileRef = D1D98BA623EC966B00574A35 /* VehicleEntity.swift */; };
		D1D98BA923EC96F000574A35 /* Vehicle.swift in Sources */ = {isa = PBXBuildFile; fileRef = D1D98BA823EC96F000574A35 /* Vehicle.swift */; };
		D1D98BAB23ECA1DE00574A35 /* MapperVehicleImpl.swift in Sources */ = {isa = PBXBuildFile; fileRef = D1D98BAA23ECA1DE00574A35 /* MapperVehicleImpl.swift */; };
		D1D98BAE23ECA97500574A35 /* Constants.swift in Sources */ = {isa = PBXBuildFile; fileRef = D1D98BAD23ECA97500574A35 /* Constants.swift */; };
		D1D98BB023ECD94700574A35 /* CalculateTimeService.swift in Sources */ = {isa = PBXBuildFile; fileRef = D1D98BAF23ECD94700574A35 /* CalculateTimeService.swift */; };
		FA571642246E5D41B46843BF /* Pods_Parqueadero_ParqueaderoUITests.framework in Frameworks */ = {isa = PBXBuildFile; fileRef = B57195BEF940F4F6BEFC682E /* Pods_Parqueadero_ParqueaderoUITests.framework */; };
		FEBFE0C343BFF233BEA5F547 /* Pods_ParqueaderoTests.framework in Frameworks */ = {isa = PBXBuildFile; fileRef = 572C39DAC80B7BC35453FB8A /* Pods_ParqueaderoTests.framework */; };
/* End PBXBuildFile section */

/* Begin PBXContainerItemProxy section */
		D16A7C2A23E0AD140059A613 /* PBXContainerItemProxy */ = {
			isa = PBXContainerItemProxy;
			containerPortal = D16A7C0B23E0AD110059A613 /* Project object */;
			proxyType = 1;
			remoteGlobalIDString = D16A7C1223E0AD120059A613;
			remoteInfo = Parqueadero;
		};
		D16A7C3523E0AD140059A613 /* PBXContainerItemProxy */ = {
			isa = PBXContainerItemProxy;
			containerPortal = D16A7C0B23E0AD110059A613 /* Project object */;
			proxyType = 1;
			remoteGlobalIDString = D16A7C1223E0AD120059A613;
			remoteInfo = Parqueadero;
		};
/* End PBXContainerItemProxy section */

/* Begin PBXFileReference section */
		00995D1293EB9D7EAEF5B9B1 /* Pods-Parqueadero-ParqueaderoUITests.debug mock.xcconfig */ = {isa = PBXFileReference; includeInIndex = 1; lastKnownFileType = text.xcconfig; name = "Pods-Parqueadero-ParqueaderoUITests.debug mock.xcconfig"; path = "Target Support Files/Pods-Parqueadero-ParqueaderoUITests/Pods-Parqueadero-ParqueaderoUITests.debug mock.xcconfig"; sourceTree = "<group>"; };
		20857A92F240A42CD4F3CB31 /* Pods_Parqueadero.framework */ = {isa = PBXFileReference; explicitFileType = wrapper.framework; includeInIndex = 0; path = Pods_Parqueadero.framework; sourceTree = BUILT_PRODUCTS_DIR; };
		2219F6DF74139C28C8308024 /* Pods-Parqueadero.debug.xcconfig */ = {isa = PBXFileReference; includeInIndex = 1; lastKnownFileType = text.xcconfig; name = "Pods-Parqueadero.debug.xcconfig"; path = "Target Support Files/Pods-Parqueadero/Pods-Parqueadero.debug.xcconfig"; sourceTree = "<group>"; };
		2827C6DD5A7BF45BB24ED824 /* Pods-ParqueaderoTests.debug.xcconfig */ = {isa = PBXFileReference; includeInIndex = 1; lastKnownFileType = text.xcconfig; name = "Pods-ParqueaderoTests.debug.xcconfig"; path = "Target Support Files/Pods-ParqueaderoTests/Pods-ParqueaderoTests.debug.xcconfig"; sourceTree = "<group>"; };
		3B7E37B5BBFAF7899AB747E1 /* Pods-Parqueadero.debug mock.xcconfig */ = {isa = PBXFileReference; includeInIndex = 1; lastKnownFileType = text.xcconfig; name = "Pods-Parqueadero.debug mock.xcconfig"; path = "Target Support Files/Pods-Parqueadero/Pods-Parqueadero.debug mock.xcconfig"; sourceTree = "<group>"; };
		41D0F75CC995B78E38C8C485 /* Pods-ParqueaderoTests.release.xcconfig */ = {isa = PBXFileReference; includeInIndex = 1; lastKnownFileType = text.xcconfig; name = "Pods-ParqueaderoTests.release.xcconfig"; path = "Target Support Files/Pods-ParqueaderoTests/Pods-ParqueaderoTests.release.xcconfig"; sourceTree = "<group>"; };
		572C39DAC80B7BC35453FB8A /* Pods_ParqueaderoTests.framework */ = {isa = PBXFileReference; explicitFileType = wrapper.framework; includeInIndex = 0; path = Pods_ParqueaderoTests.framework; sourceTree = BUILT_PRODUCTS_DIR; };
		95BFC115DB1D4580E727094F /* Pods-Parqueadero-ParqueaderoUITests.debug.xcconfig */ = {isa = PBXFileReference; includeInIndex = 1; lastKnownFileType = text.xcconfig; name = "Pods-Parqueadero-ParqueaderoUITests.debug.xcconfig"; path = "Target Support Files/Pods-Parqueadero-ParqueaderoUITests/Pods-Parqueadero-ParqueaderoUITests.debug.xcconfig"; sourceTree = "<group>"; };
		B57195BEF940F4F6BEFC682E /* Pods_Parqueadero_ParqueaderoUITests.framework */ = {isa = PBXFileReference; explicitFileType = wrapper.framework; includeInIndex = 0; path = Pods_Parqueadero_ParqueaderoUITests.framework; sourceTree = BUILT_PRODUCTS_DIR; };
		C4839167E2CB771D54901180 /* Pods-Parqueadero.release.xcconfig */ = {isa = PBXFileReference; includeInIndex = 1; lastKnownFileType = text.xcconfig; name = "Pods-Parqueadero.release.xcconfig"; path = "Target Support Files/Pods-Parqueadero/Pods-Parqueadero.release.xcconfig"; sourceTree = "<group>"; };
		D11FD49823E8A7C00017883D /* Vehicles.storyboard */ = {isa = PBXFileReference; lastKnownFileType = file.storyboard; path = Vehicles.storyboard; sourceTree = "<group>"; };
		D15962AC23F3538000C0814B /* ParkingDAOImplTest.swift */ = {isa = PBXFileReference; lastKnownFileType = sourcecode.swift; path = ParkingDAOImplTest.swift; sourceTree = "<group>"; };
		D16A7C1323E0AD120059A613 /* Parqueadero.app */ = {isa = PBXFileReference; explicitFileType = wrapper.application; includeInIndex = 0; path = Parqueadero.app; sourceTree = BUILT_PRODUCTS_DIR; };
		D16A7C1623E0AD120059A613 /* AppDelegate.swift */ = {isa = PBXFileReference; lastKnownFileType = sourcecode.swift; path = AppDelegate.swift; sourceTree = "<group>"; };
		D16A7C1823E0AD120059A613 /* SceneDelegate.swift */ = {isa = PBXFileReference; lastKnownFileType = sourcecode.swift; path = SceneDelegate.swift; sourceTree = "<group>"; };
		D16A7C1F23E0AD130059A613 /* Assets.xcassets */ = {isa = PBXFileReference; lastKnownFileType = folder.assetcatalog; path = Assets.xcassets; sourceTree = "<group>"; };
		D16A7C2223E0AD130059A613 /* Base */ = {isa = PBXFileReference; lastKnownFileType = file.storyboard; name = Base; path = Base.lproj/LaunchScreen.storyboard; sourceTree = "<group>"; };
		D16A7C2423E0AD130059A613 /* Info.plist */ = {isa = PBXFileReference; lastKnownFileType = text.plist.xml; path = Info.plist; sourceTree = "<group>"; };
		D16A7C2923E0AD140059A613 /* ParqueaderoTests.xctest */ = {isa = PBXFileReference; explicitFileType = wrapper.cfbundle; includeInIndex = 0; path = ParqueaderoTests.xctest; sourceTree = BUILT_PRODUCTS_DIR; };
		D16A7C2D23E0AD140059A613 /* ParqueaderoTests.swift */ = {isa = PBXFileReference; lastKnownFileType = sourcecode.swift; path = ParqueaderoTests.swift; sourceTree = "<group>"; };
		D16A7C2F23E0AD140059A613 /* Info.plist */ = {isa = PBXFileReference; lastKnownFileType = text.plist.xml; path = Info.plist; sourceTree = "<group>"; };
		D16A7C3423E0AD140059A613 /* ParqueaderoUITests.xctest */ = {isa = PBXFileReference; explicitFileType = wrapper.cfbundle; includeInIndex = 0; path = ParqueaderoUITests.xctest; sourceTree = BUILT_PRODUCTS_DIR; };
		D16A7C3823E0AD140059A613 /* ParqueaderoUITests.swift */ = {isa = PBXFileReference; lastKnownFileType = sourcecode.swift; path = ParqueaderoUITests.swift; sourceTree = "<group>"; };
		D16A7C3A23E0AD140059A613 /* Info.plist */ = {isa = PBXFileReference; lastKnownFileType = text.plist.xml; path = Info.plist; sourceTree = "<group>"; };
		D19D1AAA23E8B729003FDB0E /* VehiclesViewController.swift */ = {isa = PBXFileReference; lastKnownFileType = sourcecode.swift; path = VehiclesViewController.swift; sourceTree = "<group>"; };
		D19D1AAC23E8B87C003FDB0E /* ParkingViewModel.swift */ = {isa = PBXFileReference; lastKnownFileType = sourcecode.swift; path = ParkingViewModel.swift; sourceTree = "<group>"; };
		D19D1AAE23E8BC2F003FDB0E /* VehiclesViewControllerHelper.swift */ = {isa = PBXFileReference; lastKnownFileType = sourcecode.swift; path = VehiclesViewControllerHelper.swift; sourceTree = "<group>"; };
		D19D1AB323E8BD45003FDB0E /* VehicleCell.swift */ = {isa = PBXFileReference; lastKnownFileType = sourcecode.swift; path = VehicleCell.swift; sourceTree = "<group>"; };
		D19D1AB423E8BD45003FDB0E /* VehicleCell.xib */ = {isa = PBXFileReference; lastKnownFileType = file.xib; path = VehicleCell.xib; sourceTree = "<group>"; };
		D19D1AB823E8C385003FDB0E /* ExtensionHelpers.swift */ = {isa = PBXFileReference; lastKnownFileType = sourcecode.swift; path = ExtensionHelpers.swift; sourceTree = "<group>"; };
		D19D1ABC23E8C4A8003FDB0E /* AddVehicle.storyboard */ = {isa = PBXFileReference; lastKnownFileType = file.storyboard; path = AddVehicle.storyboard; sourceTree = "<group>"; };
		D19D1ABE23E8C4CA003FDB0E /* AddVehicleViewController.swift */ = {isa = PBXFileReference; lastKnownFileType = sourcecode.swift; path = AddVehicleViewController.swift; sourceTree = "<group>"; };
		D1A164F623E35479008F7D32 /* EnumParkingPrices.swift */ = {isa = PBXFileReference; lastKnownFileType = sourcecode.swift; path = EnumParkingPrices.swift; sourceTree = "<group>"; };
		D1B2BF4623E4A66B0044F90D /* ParkingDAOImpl.swift */ = {isa = PBXFileReference; lastKnownFileType = sourcecode.swift; path = ParkingDAOImpl.swift; sourceTree = "<group>"; };
		D1BB456B23F1E2DE00719A47 /* AddVehicleViewModel.swift */ = {isa = PBXFileReference; lastKnownFileType = sourcecode.swift; path = AddVehicleViewModel.swift; sourceTree = "<group>"; };
		D1BB456D23F2E76700719A47 /* EnumModelResponse.swift */ = {isa = PBXFileReference; lastKnownFileType = sourcecode.swift; path = EnumModelResponse.swift; sourceTree = "<group>"; };
		D1BB456F23F2E7BF00719A47 /* EnumGetInServiceErrors.swift */ = {isa = PBXFileReference; lastKnownFileType = sourcecode.swift; path = EnumGetInServiceErrors.swift; sourceTree = "<group>"; };
		D1BB457223F3320300719A47 /* VehicleTestDatBuilder.swift */ = {isa = PBXFileReference; lastKnownFileType = sourcecode.swift; path = VehicleTestDatBuilder.swift; sourceTree = "<group>"; };
		D1C0C69423F1A30E00200D98 /* ListVehiclesService.swift */ = {isa = PBXFileReference; lastKnownFileType = sourcecode.swift; path = ListVehiclesService.swift; sourceTree = "<group>"; };
		D1D98B8A23EAFF8800574A35 /* Response.swift */ = {isa = PBXFileReference; lastKnownFileType = sourcecode.swift; path = Response.swift; sourceTree = "<group>"; };
		D1D98B8C23EB16B900574A35 /* ParkingDAOProtocol.swift */ = {isa = PBXFileReference; lastKnownFileType = sourcecode.swift; path = ParkingDAOProtocol.swift; sourceTree = "<group>"; };
		D1D98B8F23EB1A1600574A35 /* ParkingModel.swift */ = {isa = PBXFileReference; lastKnownFileType = sourcecode.swift; path = ParkingModel.swift; sourceTree = "<group>"; };
		D1D98B9123EB7D1200574A35 /* GetInVehicleService.swift */ = {isa = PBXFileReference; lastKnownFileType = sourcecode.swift; path = GetInVehicleService.swift; sourceTree = "<group>"; };
		D1D98B9323EB7D6C00574A35 /* GetOutVehicleService.swift */ = {isa = PBXFileReference; lastKnownFileType = sourcecode.swift; path = GetOutVehicleService.swift; sourceTree = "<group>"; };
		D1D98B9623EB7E3E00574A35 /* CalculatePaymentProtocol.swift */ = {isa = PBXFileReference; lastKnownFileType = sourcecode.swift; path = CalculatePaymentProtocol.swift; sourceTree = "<group>"; };
		D1D98B9823EB7EE000574A35 /* CalculatePaymentCar.swift */ = {isa = PBXFileReference; lastKnownFileType = sourcecode.swift; path = CalculatePaymentCar.swift; sourceTree = "<group>"; };
		D1D98B9A23EB7EF000574A35 /* CalculatePaymentMotorcycle.swift */ = {isa = PBXFileReference; lastKnownFileType = sourcecode.swift; path = CalculatePaymentMotorcycle.swift; sourceTree = "<group>"; };
		D1D98B9C23EB806500574A35 /* CalculatePaymentContext.swift */ = {isa = PBXFileReference; lastKnownFileType = sourcecode.swift; path = CalculatePaymentContext.swift; sourceTree = "<group>"; };
		D1D98BA123EC614D00574A35 /* MapperVehicleProtocol.swift */ = {isa = PBXFileReference; lastKnownFileType = sourcecode.swift; path = MapperVehicleProtocol.swift; sourceTree = "<group>"; };
		D1D98BA623EC966B00574A35 /* VehicleEntity.swift */ = {isa = PBXFileReference; lastKnownFileType = sourcecode.swift; path = VehicleEntity.swift; sourceTree = "<group>"; };
		D1D98BA823EC96F000574A35 /* Vehicle.swift */ = {isa = PBXFileReference; lastKnownFileType = sourcecode.swift; path = Vehicle.swift; sourceTree = "<group>"; };
		D1D98BAA23ECA1DE00574A35 /* MapperVehicleImpl.swift */ = {isa = PBXFileReference; lastKnownFileType = sourcecode.swift; path = MapperVehicleImpl.swift; sourceTree = "<group>"; };
		D1D98BAD23ECA97500574A35 /* Constants.swift */ = {isa = PBXFileReference; lastKnownFileType = sourcecode.swift; path = Constants.swift; sourceTree = "<group>"; };
		D1D98BAF23ECD94700574A35 /* CalculateTimeService.swift */ = {isa = PBXFileReference; lastKnownFileType = sourcecode.swift; path = CalculateTimeService.swift; sourceTree = "<group>"; };
		F8CC966FB9D6EBB5F84F2342 /* Pods-Parqueadero-ParqueaderoUITests.release.xcconfig */ = {isa = PBXFileReference; includeInIndex = 1; lastKnownFileType = text.xcconfig; name = "Pods-Parqueadero-ParqueaderoUITests.release.xcconfig"; path = "Target Support Files/Pods-Parqueadero-ParqueaderoUITests/Pods-Parqueadero-ParqueaderoUITests.release.xcconfig"; sourceTree = "<group>"; };
		FFF90580C8FD13439D12E2AE /* Pods-ParqueaderoTests.debug mock.xcconfig */ = {isa = PBXFileReference; includeInIndex = 1; lastKnownFileType = text.xcconfig; name = "Pods-ParqueaderoTests.debug mock.xcconfig"; path = "Target Support Files/Pods-ParqueaderoTests/Pods-ParqueaderoTests.debug mock.xcconfig"; sourceTree = "<group>"; };
/* End PBXFileReference section */

/* Begin PBXFrameworksBuildPhase section */
		D16A7C1023E0AD120059A613 /* Frameworks */ = {
			isa = PBXFrameworksBuildPhase;
			buildActionMask = 2147483647;
			files = (
				6A6F037286663B3788E95EAB /* Pods_Parqueadero.framework in Frameworks */,
			);
			runOnlyForDeploymentPostprocessing = 0;
		};
		D16A7C2623E0AD140059A613 /* Frameworks */ = {
			isa = PBXFrameworksBuildPhase;
			buildActionMask = 2147483647;
			files = (
				FEBFE0C343BFF233BEA5F547 /* Pods_ParqueaderoTests.framework in Frameworks */,
			);
			runOnlyForDeploymentPostprocessing = 0;
		};
		D16A7C3123E0AD140059A613 /* Frameworks */ = {
			isa = PBXFrameworksBuildPhase;
			buildActionMask = 2147483647;
			files = (
				FA571642246E5D41B46843BF /* Pods_Parqueadero_ParqueaderoUITests.framework in Frameworks */,
			);
			runOnlyForDeploymentPostprocessing = 0;
		};
/* End PBXFrameworksBuildPhase section */

/* Begin PBXGroup section */
		D11FD49423E89BF50017883D /* View */ = {
			isa = PBXGroup;
			children = (
				D19D1ABB23E8C496003FDB0E /* AddVehicle */,
				D19D1ABA23E8C47C003FDB0E /* VehicleList */,
			);
			path = View;
			sourceTree = "<group>";
		};
		D11FD49523E89BFB0017883D /* ViewModel */ = {
			isa = PBXGroup;
			children = (
				D19D1AAC23E8B87C003FDB0E /* ParkingViewModel.swift */,
				D1BB456B23F1E2DE00719A47 /* AddVehicleViewModel.swift */,
			);
			path = ViewModel;
			sourceTree = "<group>";
		};
		D16A7C0A23E0AD110059A613 = {
			isa = PBXGroup;
			children = (
				D16A7C1523E0AD120059A613 /* Parqueadero */,
				D16A7C2C23E0AD140059A613 /* ParqueaderoTests */,
				D16A7C3723E0AD140059A613 /* ParqueaderoUITests */,
				D16A7C1423E0AD120059A613 /* Products */,
				E5C22DC98E21FA246A70F0D4 /* Pods */,
				D195CF508ABF5CF1D175C971 /* Frameworks */,
			);
			sourceTree = "<group>";
		};
		D16A7C1423E0AD120059A613 /* Products */ = {
			isa = PBXGroup;
			children = (
				D16A7C1323E0AD120059A613 /* Parqueadero.app */,
				D16A7C2923E0AD140059A613 /* ParqueaderoTests.xctest */,
				D16A7C3423E0AD140059A613 /* ParqueaderoUITests.xctest */,
			);
			name = Products;
			sourceTree = "<group>";
		};
		D16A7C1523E0AD120059A613 /* Parqueadero */ = {
			isa = PBXGroup;
			children = (
				D1D98B8E23EB19F900574A35 /* Model */,
				D19D1AB723E8C379003FDB0E /* Common */,
				D11FD49523E89BFB0017883D /* ViewModel */,
				D11FD49423E89BF50017883D /* View */,
				D19BC7C923E30AE8005E5CB5 /* Domain */,
				D1D98B9E23EC5F9F00574A35 /* Infrastructure */,
				D16A7C1623E0AD120059A613 /* AppDelegate.swift */,
				D16A7C1823E0AD120059A613 /* SceneDelegate.swift */,
				D16A7C1F23E0AD130059A613 /* Assets.xcassets */,
				D16A7C2123E0AD130059A613 /* LaunchScreen.storyboard */,
				D16A7C2423E0AD130059A613 /* Info.plist */,
			);
			path = Parqueadero;
			sourceTree = "<group>";
		};
		D16A7C2C23E0AD140059A613 /* ParqueaderoTests */ = {
			isa = PBXGroup;
			children = (
				D1BB457123F331EA00719A47 /* DataBuilder */,
				D16A7C2D23E0AD140059A613 /* ParqueaderoTests.swift */,
				D16A7C2F23E0AD140059A613 /* Info.plist */,
			);
			path = ParqueaderoTests;
			sourceTree = "<group>";
		};
		D16A7C3723E0AD140059A613 /* ParqueaderoUITests */ = {
			isa = PBXGroup;
			children = (
				D16A7C3823E0AD140059A613 /* ParqueaderoUITests.swift */,
				D16A7C3A23E0AD140059A613 /* Info.plist */,
			);
			path = ParqueaderoUITests;
			sourceTree = "<group>";
		};
		D195CF508ABF5CF1D175C971 /* Frameworks */ = {
			isa = PBXGroup;
			children = (
				20857A92F240A42CD4F3CB31 /* Pods_Parqueadero.framework */,
				B57195BEF940F4F6BEFC682E /* Pods_Parqueadero_ParqueaderoUITests.framework */,
				572C39DAC80B7BC35453FB8A /* Pods_ParqueaderoTests.framework */,
			);
			name = Frameworks;
			sourceTree = "<group>";
		};
		D19BC7C923E30AE8005E5CB5 /* Domain */ = {
			isa = PBXGroup;
			children = (
				D1D98BAC23ECA3F200574A35 /* Port */,
				D19BC7D123E32272005E5CB5 /* Services */,
				D19BC7D223E32278005E5CB5 /* Model */,
			);
			path = Domain;
			sourceTree = "<group>";
		};
		D19BC7CA23E311E4005E5CB5 /* Entities */ = {
			isa = PBXGroup;
			children = (
				D1D98B8A23EAFF8800574A35 /* Response.swift */,
				D1D98BA623EC966B00574A35 /* VehicleEntity.swift */,
			);
			path = Entities;
			sourceTree = "<group>";
		};
		D19BC7D123E32272005E5CB5 /* Services */ = {
			isa = PBXGroup;
			children = (
				D1D98B9523EB7DA000574A35 /* Strategy */,
				D1D98B9123EB7D1200574A35 /* GetInVehicleService.swift */,
				D1D98B9323EB7D6C00574A35 /* GetOutVehicleService.swift */,
				D1D98BAF23ECD94700574A35 /* CalculateTimeService.swift */,
				D1C0C69423F1A30E00200D98 /* ListVehiclesService.swift */,
			);
			path = Services;
			sourceTree = "<group>";
		};
		D19BC7D223E32278005E5CB5 /* Model */ = {
			isa = PBXGroup;
			children = (
				D1D98BA523EC91F800574A35 /* DTO */,
				D19BC7CA23E311E4005E5CB5 /* Entities */,
			);
			path = Model;
			sourceTree = "<group>";
		};
		D19D1AB023E8BD04003FDB0E /* VehicleCell */ = {
			isa = PBXGroup;
			children = (
				D19D1AB323E8BD45003FDB0E /* VehicleCell.swift */,
				D19D1AB423E8BD45003FDB0E /* VehicleCell.xib */,
			);
			path = VehicleCell;
			sourceTree = "<group>";
		};
		D19D1AB723E8C379003FDB0E /* Common */ = {
			isa = PBXGroup;
			children = (
				D19D1AB823E8C385003FDB0E /* ExtensionHelpers.swift */,
				D1D98BAD23ECA97500574A35 /* Constants.swift */,
				D1BB456D23F2E76700719A47 /* EnumModelResponse.swift */,
				D1A164F623E35479008F7D32 /* EnumParkingPrices.swift */,
				D1BB456F23F2E7BF00719A47 /* EnumGetInServiceErrors.swift */,
			);
			path = Common;
			sourceTree = "<group>";
		};
		D19D1ABA23E8C47C003FDB0E /* VehicleList */ = {
			isa = PBXGroup;
			children = (
				D19D1AB023E8BD04003FDB0E /* VehicleCell */,
				D11FD49823E8A7C00017883D /* Vehicles.storyboard */,
				D19D1AAA23E8B729003FDB0E /* VehiclesViewController.swift */,
				D19D1AAE23E8BC2F003FDB0E /* VehiclesViewControllerHelper.swift */,
			);
			path = VehicleList;
			sourceTree = "<group>";
		};
		D19D1ABB23E8C496003FDB0E /* AddVehicle */ = {
			isa = PBXGroup;
			children = (
				D19D1ABC23E8C4A8003FDB0E /* AddVehicle.storyboard */,
				D19D1ABE23E8C4CA003FDB0E /* AddVehicleViewController.swift */,
			);
			path = AddVehicle;
			sourceTree = "<group>";
		};
		D1A164F323E32832008F7D32 /* DAO */ = {
			isa = PBXGroup;
			children = (
				D1D98B8C23EB16B900574A35 /* ParkingDAOProtocol.swift */,
			);
			path = DAO;
			sourceTree = "<group>";
		};
		D1BB457123F331EA00719A47 /* DataBuilder */ = {
			isa = PBXGroup;
			children = (
				D1BB457223F3320300719A47 /* VehicleTestDatBuilder.swift */,
			);
			path = DataBuilder;
			sourceTree = "<group>";
		};
		D1D98B8E23EB19F900574A35 /* Model */ = {
			isa = PBXGroup;
			children = (
				D1D98B8F23EB1A1600574A35 /* ParkingModel.swift */,
			);
			path = Model;
			sourceTree = "<group>";
		};
		D1D98B9523EB7DA000574A35 /* Strategy */ = {
			isa = PBXGroup;
			children = (
				D1D98B9623EB7E3E00574A35 /* CalculatePaymentProtocol.swift */,
				D1D98B9823EB7EE000574A35 /* CalculatePaymentCar.swift */,
				D1D98B9A23EB7EF000574A35 /* CalculatePaymentMotorcycle.swift */,
				D1D98B9C23EB806500574A35 /* CalculatePaymentContext.swift */,
			);
			path = Strategy;
			sourceTree = "<group>";
		};
		D1D98B9E23EC5F9F00574A35 /* Infrastructure */ = {
			isa = PBXGroup;
			children = (
				D1D98BA023EC613E00574A35 /* Mapper */,
				D1D98B9F23EC5FC200574A35 /* Adapter */,
			);
			path = Infrastructure;
			sourceTree = "<group>";
		};
		D1D98B9F23EC5FC200574A35 /* Adapter */ = {
			isa = PBXGroup;
			children = (
				D1B2BF4623E4A66B0044F90D /* ParkingDAOImpl.swift */,
				D15962AC23F3538000C0814B /* ParkingDAOImplTest.swift */,
			);
			path = Adapter;
			sourceTree = "<group>";
		};
		D1D98BA023EC613E00574A35 /* Mapper */ = {
			isa = PBXGroup;
			children = (
				D1D98BA123EC614D00574A35 /* MapperVehicleProtocol.swift */,
				D1D98BAA23ECA1DE00574A35 /* MapperVehicleImpl.swift */,
			);
			path = Mapper;
			sourceTree = "<group>";
		};
		D1D98BA523EC91F800574A35 /* DTO */ = {
			isa = PBXGroup;
			children = (
				D1D98BA823EC96F000574A35 /* Vehicle.swift */,
			);
			path = DTO;
			sourceTree = "<group>";
		};
		D1D98BAC23ECA3F200574A35 /* Port */ = {
			isa = PBXGroup;
			children = (
				D1A164F323E32832008F7D32 /* DAO */,
			);
			path = Port;
			sourceTree = "<group>";
		};
		E5C22DC98E21FA246A70F0D4 /* Pods */ = {
			isa = PBXGroup;
			children = (
				2219F6DF74139C28C8308024 /* Pods-Parqueadero.debug.xcconfig */,
				3B7E37B5BBFAF7899AB747E1 /* Pods-Parqueadero.debug mock.xcconfig */,
				C4839167E2CB771D54901180 /* Pods-Parqueadero.release.xcconfig */,
				95BFC115DB1D4580E727094F /* Pods-Parqueadero-ParqueaderoUITests.debug.xcconfig */,
				00995D1293EB9D7EAEF5B9B1 /* Pods-Parqueadero-ParqueaderoUITests.debug mock.xcconfig */,
				F8CC966FB9D6EBB5F84F2342 /* Pods-Parqueadero-ParqueaderoUITests.release.xcconfig */,
				2827C6DD5A7BF45BB24ED824 /* Pods-ParqueaderoTests.debug.xcconfig */,
				FFF90580C8FD13439D12E2AE /* Pods-ParqueaderoTests.debug mock.xcconfig */,
				41D0F75CC995B78E38C8C485 /* Pods-ParqueaderoTests.release.xcconfig */,
			);
			path = Pods;
			sourceTree = "<group>";
		};
/* End PBXGroup section */

/* Begin PBXNativeTarget section */
		D16A7C1223E0AD120059A613 /* Parqueadero */ = {
			isa = PBXNativeTarget;
			buildConfigurationList = D16A7C3D23E0AD140059A613 /* Build configuration list for PBXNativeTarget "Parqueadero" */;
			buildPhases = (
				23BA61EF0E794CB5049162C5 /* [CP] Check Pods Manifest.lock */,
				D16A7C0F23E0AD120059A613 /* Sources */,
				D16A7C1023E0AD120059A613 /* Frameworks */,
				D16A7C1123E0AD120059A613 /* Resources */,
				5433A5A06E7A61222042B57E /* [CP] Embed Pods Frameworks */,
			);
			buildRules = (
			);
			dependencies = (
			);
			name = Parqueadero;
			productName = Parqueadero;
			productReference = D16A7C1323E0AD120059A613 /* Parqueadero.app */;
			productType = "com.apple.product-type.application";
		};
		D16A7C2823E0AD140059A613 /* ParqueaderoTests */ = {
			isa = PBXNativeTarget;
			buildConfigurationList = D16A7C4023E0AD140059A613 /* Build configuration list for PBXNativeTarget "ParqueaderoTests" */;
			buildPhases = (
				680960D22FA191261E613623 /* [CP] Check Pods Manifest.lock */,
				D16A7C2523E0AD140059A613 /* Sources */,
				D16A7C2623E0AD140059A613 /* Frameworks */,
				D16A7C2723E0AD140059A613 /* Resources */,
			);
			buildRules = (
			);
			dependencies = (
				D16A7C2B23E0AD140059A613 /* PBXTargetDependency */,
			);
			name = ParqueaderoTests;
			productName = ParqueaderoTests;
			productReference = D16A7C2923E0AD140059A613 /* ParqueaderoTests.xctest */;
			productType = "com.apple.product-type.bundle.unit-test";
		};
		D16A7C3323E0AD140059A613 /* ParqueaderoUITests */ = {
			isa = PBXNativeTarget;
			buildConfigurationList = D16A7C4323E0AD140059A613 /* Build configuration list for PBXNativeTarget "ParqueaderoUITests" */;
			buildPhases = (
				5244F7E8660BC784FEEB5933 /* [CP] Check Pods Manifest.lock */,
				D16A7C3023E0AD140059A613 /* Sources */,
				D16A7C3123E0AD140059A613 /* Frameworks */,
				D16A7C3223E0AD140059A613 /* Resources */,
				47CDA8F5540C0CF5B7EFD82B /* [CP] Embed Pods Frameworks */,
			);
			buildRules = (
			);
			dependencies = (
				D16A7C3623E0AD140059A613 /* PBXTargetDependency */,
			);
			name = ParqueaderoUITests;
			productName = ParqueaderoUITests;
			productReference = D16A7C3423E0AD140059A613 /* ParqueaderoUITests.xctest */;
			productType = "com.apple.product-type.bundle.ui-testing";
		};
/* End PBXNativeTarget section */

/* Begin PBXProject section */
		D16A7C0B23E0AD110059A613 /* Project object */ = {
			isa = PBXProject;
			attributes = {
				LastSwiftUpdateCheck = 1130;
				LastUpgradeCheck = 1130;
				ORGANIZATIONNAME = "Andrés Enrique Carrillo Miranda - Ceiba Software";
				TargetAttributes = {
					D16A7C1223E0AD120059A613 = {
						CreatedOnToolsVersion = 11.3.1;
					};
					D16A7C2823E0AD140059A613 = {
						CreatedOnToolsVersion = 11.3.1;
						TestTargetID = D16A7C1223E0AD120059A613;
					};
					D16A7C3323E0AD140059A613 = {
						CreatedOnToolsVersion = 11.3.1;
						TestTargetID = D16A7C1223E0AD120059A613;
					};
				};
			};
			buildConfigurationList = D16A7C0E23E0AD110059A613 /* Build configuration list for PBXProject "Parqueadero" */;
			compatibilityVersion = "Xcode 9.3";
			developmentRegion = en;
			hasScannedForEncodings = 0;
			knownRegions = (
				en,
				Base,
			);
			mainGroup = D16A7C0A23E0AD110059A613;
			productRefGroup = D16A7C1423E0AD120059A613 /* Products */;
			projectDirPath = "";
			projectRoot = "";
			targets = (
				D16A7C1223E0AD120059A613 /* Parqueadero */,
				D16A7C2823E0AD140059A613 /* ParqueaderoTests */,
				D16A7C3323E0AD140059A613 /* ParqueaderoUITests */,
			);
		};
/* End PBXProject section */

/* Begin PBXResourcesBuildPhase section */
		D16A7C1123E0AD120059A613 /* Resources */ = {
			isa = PBXResourcesBuildPhase;
			buildActionMask = 2147483647;
			files = (
				D19D1AB623E8BD45003FDB0E /* VehicleCell.xib in Resources */,
				D19D1ABD23E8C4A8003FDB0E /* AddVehicle.storyboard in Resources */,
				D16A7C2323E0AD130059A613 /* LaunchScreen.storyboard in Resources */,
				D11FD49923E8A7C00017883D /* Vehicles.storyboard in Resources */,
				D16A7C2023E0AD130059A613 /* Assets.xcassets in Resources */,
			);
			runOnlyForDeploymentPostprocessing = 0;
		};
		D16A7C2723E0AD140059A613 /* Resources */ = {
			isa = PBXResourcesBuildPhase;
			buildActionMask = 2147483647;
			files = (
			);
			runOnlyForDeploymentPostprocessing = 0;
		};
		D16A7C3223E0AD140059A613 /* Resources */ = {
			isa = PBXResourcesBuildPhase;
			buildActionMask = 2147483647;
			files = (
			);
			runOnlyForDeploymentPostprocessing = 0;
		};
/* End PBXResourcesBuildPhase section */

/* Begin PBXShellScriptBuildPhase section */
		23BA61EF0E794CB5049162C5 /* [CP] Check Pods Manifest.lock */ = {
			isa = PBXShellScriptBuildPhase;
			buildActionMask = 2147483647;
			files = (
			);
			inputFileListPaths = (
			);
			inputPaths = (
				"${PODS_PODFILE_DIR_PATH}/Podfile.lock",
				"${PODS_ROOT}/Manifest.lock",
			);
			name = "[CP] Check Pods Manifest.lock";
			outputFileListPaths = (
			);
			outputPaths = (
				"$(DERIVED_FILE_DIR)/Pods-Parqueadero-checkManifestLockResult.txt",
			);
			runOnlyForDeploymentPostprocessing = 0;
			shellPath = /bin/sh;
			shellScript = "diff \"${PODS_PODFILE_DIR_PATH}/Podfile.lock\" \"${PODS_ROOT}/Manifest.lock\" > /dev/null\nif [ $? != 0 ] ; then\n    # print error to STDERR\n    echo \"error: The sandbox is not in sync with the Podfile.lock. Run 'pod install' or update your CocoaPods installation.\" >&2\n    exit 1\nfi\n# This output is used by Xcode 'outputs' to avoid re-running this script phase.\necho \"SUCCESS\" > \"${SCRIPT_OUTPUT_FILE_0}\"\n";
			showEnvVarsInLog = 0;
		};
		47CDA8F5540C0CF5B7EFD82B /* [CP] Embed Pods Frameworks */ = {
			isa = PBXShellScriptBuildPhase;
			buildActionMask = 2147483647;
			files = (
			);
			inputFileListPaths = (
				"${PODS_ROOT}/Target Support Files/Pods-Parqueadero-ParqueaderoUITests/Pods-Parqueadero-ParqueaderoUITests-frameworks-${CONFIGURATION}-input-files.xcfilelist",
			);
			name = "[CP] Embed Pods Frameworks";
			outputFileListPaths = (
				"${PODS_ROOT}/Target Support Files/Pods-Parqueadero-ParqueaderoUITests/Pods-Parqueadero-ParqueaderoUITests-frameworks-${CONFIGURATION}-output-files.xcfilelist",
			);
			runOnlyForDeploymentPostprocessing = 0;
			shellPath = /bin/sh;
			shellScript = "\"${PODS_ROOT}/Target Support Files/Pods-Parqueadero-ParqueaderoUITests/Pods-Parqueadero-ParqueaderoUITests-frameworks.sh\"\n";
			showEnvVarsInLog = 0;
		};
		5244F7E8660BC784FEEB5933 /* [CP] Check Pods Manifest.lock */ = {
			isa = PBXShellScriptBuildPhase;
			buildActionMask = 2147483647;
			files = (
			);
			inputFileListPaths = (
			);
			inputPaths = (
				"${PODS_PODFILE_DIR_PATH}/Podfile.lock",
				"${PODS_ROOT}/Manifest.lock",
			);
			name = "[CP] Check Pods Manifest.lock";
			outputFileListPaths = (
			);
			outputPaths = (
				"$(DERIVED_FILE_DIR)/Pods-Parqueadero-ParqueaderoUITests-checkManifestLockResult.txt",
			);
			runOnlyForDeploymentPostprocessing = 0;
			shellPath = /bin/sh;
			shellScript = "diff \"${PODS_PODFILE_DIR_PATH}/Podfile.lock\" \"${PODS_ROOT}/Manifest.lock\" > /dev/null\nif [ $? != 0 ] ; then\n    # print error to STDERR\n    echo \"error: The sandbox is not in sync with the Podfile.lock. Run 'pod install' or update your CocoaPods installation.\" >&2\n    exit 1\nfi\n# This output is used by Xcode 'outputs' to avoid re-running this script phase.\necho \"SUCCESS\" > \"${SCRIPT_OUTPUT_FILE_0}\"\n";
			showEnvVarsInLog = 0;
		};
		5433A5A06E7A61222042B57E /* [CP] Embed Pods Frameworks */ = {
			isa = PBXShellScriptBuildPhase;
			buildActionMask = 2147483647;
			files = (
			);
			inputFileListPaths = (
				"${PODS_ROOT}/Target Support Files/Pods-Parqueadero/Pods-Parqueadero-frameworks-${CONFIGURATION}-input-files.xcfilelist",
			);
			name = "[CP] Embed Pods Frameworks";
			outputFileListPaths = (
				"${PODS_ROOT}/Target Support Files/Pods-Parqueadero/Pods-Parqueadero-frameworks-${CONFIGURATION}-output-files.xcfilelist",
			);
			runOnlyForDeploymentPostprocessing = 0;
			shellPath = /bin/sh;
			shellScript = "\"${PODS_ROOT}/Target Support Files/Pods-Parqueadero/Pods-Parqueadero-frameworks.sh\"\n";
			showEnvVarsInLog = 0;
		};
		680960D22FA191261E613623 /* [CP] Check Pods Manifest.lock */ = {
			isa = PBXShellScriptBuildPhase;
			buildActionMask = 2147483647;
			files = (
			);
			inputFileListPaths = (
			);
			inputPaths = (
				"${PODS_PODFILE_DIR_PATH}/Podfile.lock",
				"${PODS_ROOT}/Manifest.lock",
			);
			name = "[CP] Check Pods Manifest.lock";
			outputFileListPaths = (
			);
			outputPaths = (
				"$(DERIVED_FILE_DIR)/Pods-ParqueaderoTests-checkManifestLockResult.txt",
			);
			runOnlyForDeploymentPostprocessing = 0;
			shellPath = /bin/sh;
			shellScript = "diff \"${PODS_PODFILE_DIR_PATH}/Podfile.lock\" \"${PODS_ROOT}/Manifest.lock\" > /dev/null\nif [ $? != 0 ] ; then\n    # print error to STDERR\n    echo \"error: The sandbox is not in sync with the Podfile.lock. Run 'pod install' or update your CocoaPods installation.\" >&2\n    exit 1\nfi\n# This output is used by Xcode 'outputs' to avoid re-running this script phase.\necho \"SUCCESS\" > \"${SCRIPT_OUTPUT_FILE_0}\"\n";
			showEnvVarsInLog = 0;
		};
/* End PBXShellScriptBuildPhase section */

/* Begin PBXSourcesBuildPhase section */
		D16A7C0F23E0AD120059A613 /* Sources */ = {
			isa = PBXSourcesBuildPhase;
			buildActionMask = 2147483647;
			files = (
				D1D98BAE23ECA97500574A35 /* Constants.swift in Sources */,
				D1C0C69523F1A30E00200D98 /* ListVehiclesService.swift in Sources */,
				D1D98BA923EC96F000574A35 /* Vehicle.swift in Sources */,
				D1D98BAB23ECA1DE00574A35 /* MapperVehicleImpl.swift in Sources */,
				D19D1AB523E8BD45003FDB0E /* VehicleCell.swift in Sources */,
				D1B2BF4723E4A66B0044F90D /* ParkingDAOImpl.swift in Sources */,
				D1D98B9B23EB7EF000574A35 /* CalculatePaymentMotorcycle.swift in Sources */,
				D1D98BA723EC966B00574A35 /* VehicleEntity.swift in Sources */,
				D1D98B9223EB7D1200574A35 /* GetInVehicleService.swift in Sources */,
				D19D1AAD23E8B87C003FDB0E /* ParkingViewModel.swift in Sources */,
				D19D1AAF23E8BC2F003FDB0E /* VehiclesViewControllerHelper.swift in Sources */,
				D19D1AAB23E8B729003FDB0E /* VehiclesViewController.swift in Sources */,
				D1D98B8D23EB16B900574A35 /* ParkingDAOProtocol.swift in Sources */,
				D1BB456C23F1E2DE00719A47 /* AddVehicleViewModel.swift in Sources */,
				D1D98B9D23EB806500574A35 /* CalculatePaymentContext.swift in Sources */,
				D1D98B8B23EAFF8800574A35 /* Response.swift in Sources */,
				D1D98B9723EB7E3E00574A35 /* CalculatePaymentProtocol.swift in Sources */,
				D15962AD23F3538000C0814B /* ParkingDAOImplTest.swift in Sources */,
				D1D98BB023ECD94700574A35 /* CalculateTimeService.swift in Sources */,
				D1D98B9023EB1A1600574A35 /* ParkingModel.swift in Sources */,
				D1D98BA223EC614D00574A35 /* MapperVehicleProtocol.swift in Sources */,
				D1BB456E23F2E76700719A47 /* EnumModelResponse.swift in Sources */,
				D16A7C1723E0AD120059A613 /* AppDelegate.swift in Sources */,
				D1D98B9923EB7EE000574A35 /* CalculatePaymentCar.swift in Sources */,
				D19D1AB923E8C385003FDB0E /* ExtensionHelpers.swift in Sources */,
				D19D1ABF23E8C4CA003FDB0E /* AddVehicleViewController.swift in Sources */,
				D1A164F723E35479008F7D32 /* EnumParkingPrices.swift in Sources */,
				D1BB457023F2E7BF00719A47 /* EnumGetInServiceErrors.swift in Sources */,
				D1D98B9423EB7D6C00574A35 /* GetOutVehicleService.swift in Sources */,
				D16A7C1923E0AD120059A613 /* SceneDelegate.swift in Sources */,
			);
			runOnlyForDeploymentPostprocessing = 0;
		};
		D16A7C2523E0AD140059A613 /* Sources */ = {
			isa = PBXSourcesBuildPhase;
			buildActionMask = 2147483647;
			files = (
				D1BB457323F3320300719A47 /* VehicleTestDatBuilder.swift in Sources */,
				D16A7C2E23E0AD140059A613 /* ParqueaderoTests.swift in Sources */,
			);
			runOnlyForDeploymentPostprocessing = 0;
		};
		D16A7C3023E0AD140059A613 /* Sources */ = {
			isa = PBXSourcesBuildPhase;
			buildActionMask = 2147483647;
			files = (
				D16A7C3923E0AD140059A613 /* ParqueaderoUITests.swift in Sources */,
			);
			runOnlyForDeploymentPostprocessing = 0;
		};
/* End PBXSourcesBuildPhase section */

/* Begin PBXTargetDependency section */
		D16A7C2B23E0AD140059A613 /* PBXTargetDependency */ = {
			isa = PBXTargetDependency;
			target = D16A7C1223E0AD120059A613 /* Parqueadero */;
			targetProxy = D16A7C2A23E0AD140059A613 /* PBXContainerItemProxy */;
		};
		D16A7C3623E0AD140059A613 /* PBXTargetDependency */ = {
			isa = PBXTargetDependency;
			target = D16A7C1223E0AD120059A613 /* Parqueadero */;
			targetProxy = D16A7C3523E0AD140059A613 /* PBXContainerItemProxy */;
		};
/* End PBXTargetDependency section */

/* Begin PBXVariantGroup section */
		D16A7C2123E0AD130059A613 /* LaunchScreen.storyboard */ = {
			isa = PBXVariantGroup;
			children = (
				D16A7C2223E0AD130059A613 /* Base */,
			);
			name = LaunchScreen.storyboard;
			sourceTree = "<group>";
		};
/* End PBXVariantGroup section */

/* Begin XCBuildConfiguration section */
		D15962B223F362EE00C0814B /* Debug Mock */ = {
			isa = XCBuildConfiguration;
			buildSettings = {
				ALWAYS_SEARCH_USER_PATHS = NO;
				CLANG_ANALYZER_NONNULL = YES;
				CLANG_ANALYZER_NUMBER_OBJECT_CONVERSION = YES_AGGRESSIVE;
				CLANG_CXX_LANGUAGE_STANDARD = "gnu++14";
				CLANG_CXX_LIBRARY = "libc++";
				CLANG_ENABLE_MODULES = YES;
				CLANG_ENABLE_OBJC_ARC = YES;
				CLANG_ENABLE_OBJC_WEAK = YES;
				CLANG_WARN_BLOCK_CAPTURE_AUTORELEASING = YES;
				CLANG_WARN_BOOL_CONVERSION = YES;
				CLANG_WARN_COMMA = YES;
				CLANG_WARN_CONSTANT_CONVERSION = YES;
				CLANG_WARN_DEPRECATED_OBJC_IMPLEMENTATIONS = YES;
				CLANG_WARN_DIRECT_OBJC_ISA_USAGE = YES_ERROR;
				CLANG_WARN_DOCUMENTATION_COMMENTS = YES;
				CLANG_WARN_EMPTY_BODY = YES;
				CLANG_WARN_ENUM_CONVERSION = YES;
				CLANG_WARN_INFINITE_RECURSION = YES;
				CLANG_WARN_INT_CONVERSION = YES;
				CLANG_WARN_NON_LITERAL_NULL_CONVERSION = YES;
				CLANG_WARN_OBJC_IMPLICIT_RETAIN_SELF = YES;
				CLANG_WARN_OBJC_LITERAL_CONVERSION = YES;
				CLANG_WARN_OBJC_ROOT_CLASS = YES_ERROR;
				CLANG_WARN_RANGE_LOOP_ANALYSIS = YES;
				CLANG_WARN_STRICT_PROTOTYPES = YES;
				CLANG_WARN_SUSPICIOUS_MOVE = YES;
				CLANG_WARN_UNGUARDED_AVAILABILITY = YES_AGGRESSIVE;
				CLANG_WARN_UNREACHABLE_CODE = YES;
				CLANG_WARN__DUPLICATE_METHOD_MATCH = YES;
				COPY_PHASE_STRIP = NO;
				DEBUG_INFORMATION_FORMAT = dwarf;
				ENABLE_STRICT_OBJC_MSGSEND = YES;
				ENABLE_TESTABILITY = YES;
				GCC_C_LANGUAGE_STANDARD = gnu11;
				GCC_DYNAMIC_NO_PIC = NO;
				GCC_NO_COMMON_BLOCKS = YES;
				GCC_OPTIMIZATION_LEVEL = 0;
				GCC_PREPROCESSOR_DEFINITIONS = (
					"DEBUG=1",
					"$(inherited)",
				);
				GCC_WARN_64_TO_32_BIT_CONVERSION = YES;
				GCC_WARN_ABOUT_RETURN_TYPE = YES_ERROR;
				GCC_WARN_UNDECLARED_SELECTOR = YES;
				GCC_WARN_UNINITIALIZED_AUTOS = YES_AGGRESSIVE;
				GCC_WARN_UNUSED_FUNCTION = YES;
				GCC_WARN_UNUSED_VARIABLE = YES;
				IPHONEOS_DEPLOYMENT_TARGET = 13.2;
				MTL_ENABLE_DEBUG_INFO = INCLUDE_SOURCE;
				MTL_FAST_MATH = YES;
				ONLY_ACTIVE_ARCH = YES;
				SDKROOT = iphoneos;
				SWIFT_ACTIVE_COMPILATION_CONDITIONS = DEBUG;
				SWIFT_OPTIMIZATION_LEVEL = "-Onone";
			};
			name = "Debug Mock";
		};
		D15962B323F362EE00C0814B /* Debug Mock */ = {
			isa = XCBuildConfiguration;
			baseConfigurationReference = 3B7E37B5BBFAF7899AB747E1 /* Pods-Parqueadero.debug mock.xcconfig */;
			buildSettings = {
				ASSETCATALOG_COMPILER_APPICON_NAME = AppIcon;
				CODE_SIGN_IDENTITY = "Apple Development";
				CODE_SIGN_STYLE = Automatic;
				DEVELOPMENT_TEAM = "";
				INFOPLIST_FILE = Parqueadero/Info.plist;
				LD_RUNPATH_SEARCH_PATHS = (
					"$(inherited)",
					"@executable_path/Frameworks",
				);
				PRODUCT_BUNDLE_IDENTIFIER = com.ceiba.Parqueadero;
				PRODUCT_NAME = "$(TARGET_NAME)";
				PROVISIONING_PROFILE_SPECIFIER = "";
				SWIFT_VERSION = 5.0;
				TARGETED_DEVICE_FAMILY = 1;
			};
			name = "Debug Mock";
		};
		D15962B423F362EE00C0814B /* Debug Mock */ = {
			isa = XCBuildConfiguration;
			baseConfigurationReference = FFF90580C8FD13439D12E2AE /* Pods-ParqueaderoTests.debug mock.xcconfig */;
			buildSettings = {
				ALWAYS_EMBED_SWIFT_STANDARD_LIBRARIES = YES;
				BUNDLE_LOADER = "$(TEST_HOST)";
				CODE_SIGN_STYLE = Automatic;
				INFOPLIST_FILE = ParqueaderoTests/Info.plist;
				IPHONEOS_DEPLOYMENT_TARGET = 13.2;
				LD_RUNPATH_SEARCH_PATHS = (
					"$(inherited)",
					"@executable_path/Frameworks",
					"@loader_path/Frameworks",
				);
				PRODUCT_BUNDLE_IDENTIFIER = com.ceiba.ParqueaderoTests;
				PRODUCT_NAME = "$(TARGET_NAME)";
				SWIFT_VERSION = 5.0;
				TARGETED_DEVICE_FAMILY = "1,2";
				TEST_HOST = "$(BUILT_PRODUCTS_DIR)/Parqueadero.app/Parqueadero";
			};
			name = "Debug Mock";
		};
		D15962B523F362EE00C0814B /* Debug Mock */ = {
			isa = XCBuildConfiguration;
			baseConfigurationReference = 00995D1293EB9D7EAEF5B9B1 /* Pods-Parqueadero-ParqueaderoUITests.debug mock.xcconfig */;
			buildSettings = {
				ALWAYS_EMBED_SWIFT_STANDARD_LIBRARIES = YES;
				CODE_SIGN_STYLE = Automatic;
				INFOPLIST_FILE = ParqueaderoUITests/Info.plist;
				LD_RUNPATH_SEARCH_PATHS = (
					"$(inherited)",
					"@executable_path/Frameworks",
					"@loader_path/Frameworks",
				);
				PRODUCT_BUNDLE_IDENTIFIER = com.ceiba.ParqueaderoUITests;
				PRODUCT_NAME = "$(TARGET_NAME)";
				SWIFT_VERSION = 5.0;
				TARGETED_DEVICE_FAMILY = "1,2";
				TEST_TARGET_NAME = Parqueadero;
			};
			name = "Debug Mock";
		};
		D16A7C3B23E0AD140059A613 /* Debug */ = {
			isa = XCBuildConfiguration;
			buildSettings = {
				ALWAYS_SEARCH_USER_PATHS = NO;
				CLANG_ANALYZER_NONNULL = YES;
				CLANG_ANALYZER_NUMBER_OBJECT_CONVERSION = YES_AGGRESSIVE;
				CLANG_CXX_LANGUAGE_STANDARD = "gnu++14";
				CLANG_CXX_LIBRARY = "libc++";
				CLANG_ENABLE_MODULES = YES;
				CLANG_ENABLE_OBJC_ARC = YES;
				CLANG_ENABLE_OBJC_WEAK = YES;
				CLANG_WARN_BLOCK_CAPTURE_AUTORELEASING = YES;
				CLANG_WARN_BOOL_CONVERSION = YES;
				CLANG_WARN_COMMA = YES;
				CLANG_WARN_CONSTANT_CONVERSION = YES;
				CLANG_WARN_DEPRECATED_OBJC_IMPLEMENTATIONS = YES;
				CLANG_WARN_DIRECT_OBJC_ISA_USAGE = YES_ERROR;
				CLANG_WARN_DOCUMENTATION_COMMENTS = YES;
				CLANG_WARN_EMPTY_BODY = YES;
				CLANG_WARN_ENUM_CONVERSION = YES;
				CLANG_WARN_INFINITE_RECURSION = YES;
				CLANG_WARN_INT_CONVERSION = YES;
				CLANG_WARN_NON_LITERAL_NULL_CONVERSION = YES;
				CLANG_WARN_OBJC_IMPLICIT_RETAIN_SELF = YES;
				CLANG_WARN_OBJC_LITERAL_CONVERSION = YES;
				CLANG_WARN_OBJC_ROOT_CLASS = YES_ERROR;
				CLANG_WARN_RANGE_LOOP_ANALYSIS = YES;
				CLANG_WARN_STRICT_PROTOTYPES = YES;
				CLANG_WARN_SUSPICIOUS_MOVE = YES;
				CLANG_WARN_UNGUARDED_AVAILABILITY = YES_AGGRESSIVE;
				CLANG_WARN_UNREACHABLE_CODE = YES;
				CLANG_WARN__DUPLICATE_METHOD_MATCH = YES;
				COPY_PHASE_STRIP = NO;
				DEBUG_INFORMATION_FORMAT = dwarf;
				ENABLE_STRICT_OBJC_MSGSEND = YES;
				ENABLE_TESTABILITY = YES;
				GCC_C_LANGUAGE_STANDARD = gnu11;
				GCC_DYNAMIC_NO_PIC = NO;
				GCC_NO_COMMON_BLOCKS = YES;
				GCC_OPTIMIZATION_LEVEL = 0;
				GCC_PREPROCESSOR_DEFINITIONS = (
					"DEBUG=1",
					"$(inherited)",
				);
				GCC_WARN_64_TO_32_BIT_CONVERSION = YES;
				GCC_WARN_ABOUT_RETURN_TYPE = YES_ERROR;
				GCC_WARN_UNDECLARED_SELECTOR = YES;
				GCC_WARN_UNINITIALIZED_AUTOS = YES_AGGRESSIVE;
				GCC_WARN_UNUSED_FUNCTION = YES;
				GCC_WARN_UNUSED_VARIABLE = YES;
				IPHONEOS_DEPLOYMENT_TARGET = 13.2;
				MTL_ENABLE_DEBUG_INFO = INCLUDE_SOURCE;
				MTL_FAST_MATH = YES;
				ONLY_ACTIVE_ARCH = YES;
				SDKROOT = iphoneos;
				SWIFT_ACTIVE_COMPILATION_CONDITIONS = DEBUG;
				SWIFT_OPTIMIZATION_LEVEL = "-Onone";
			};
			name = Debug;
		};
		D16A7C3C23E0AD140059A613 /* Release */ = {
			isa = XCBuildConfiguration;
			buildSettings = {
				ALWAYS_SEARCH_USER_PATHS = NO;
				CLANG_ANALYZER_NONNULL = YES;
				CLANG_ANALYZER_NUMBER_OBJECT_CONVERSION = YES_AGGRESSIVE;
				CLANG_CXX_LANGUAGE_STANDARD = "gnu++14";
				CLANG_CXX_LIBRARY = "libc++";
				CLANG_ENABLE_MODULES = YES;
				CLANG_ENABLE_OBJC_ARC = YES;
				CLANG_ENABLE_OBJC_WEAK = YES;
				CLANG_WARN_BLOCK_CAPTURE_AUTORELEASING = YES;
				CLANG_WARN_BOOL_CONVERSION = YES;
				CLANG_WARN_COMMA = YES;
				CLANG_WARN_CONSTANT_CONVERSION = YES;
				CLANG_WARN_DEPRECATED_OBJC_IMPLEMENTATIONS = YES;
				CLANG_WARN_DIRECT_OBJC_ISA_USAGE = YES_ERROR;
				CLANG_WARN_DOCUMENTATION_COMMENTS = YES;
				CLANG_WARN_EMPTY_BODY = YES;
				CLANG_WARN_ENUM_CONVERSION = YES;
				CLANG_WARN_INFINITE_RECURSION = YES;
				CLANG_WARN_INT_CONVERSION = YES;
				CLANG_WARN_NON_LITERAL_NULL_CONVERSION = YES;
				CLANG_WARN_OBJC_IMPLICIT_RETAIN_SELF = YES;
				CLANG_WARN_OBJC_LITERAL_CONVERSION = YES;
				CLANG_WARN_OBJC_ROOT_CLASS = YES_ERROR;
				CLANG_WARN_RANGE_LOOP_ANALYSIS = YES;
				CLANG_WARN_STRICT_PROTOTYPES = YES;
				CLANG_WARN_SUSPICIOUS_MOVE = YES;
				CLANG_WARN_UNGUARDED_AVAILABILITY = YES_AGGRESSIVE;
				CLANG_WARN_UNREACHABLE_CODE = YES;
				CLANG_WARN__DUPLICATE_METHOD_MATCH = YES;
				COPY_PHASE_STRIP = NO;
				DEBUG_INFORMATION_FORMAT = "dwarf-with-dsym";
				ENABLE_NS_ASSERTIONS = NO;
				ENABLE_STRICT_OBJC_MSGSEND = YES;
				GCC_C_LANGUAGE_STANDARD = gnu11;
				GCC_NO_COMMON_BLOCKS = YES;
				GCC_WARN_64_TO_32_BIT_CONVERSION = YES;
				GCC_WARN_ABOUT_RETURN_TYPE = YES_ERROR;
				GCC_WARN_UNDECLARED_SELECTOR = YES;
				GCC_WARN_UNINITIALIZED_AUTOS = YES_AGGRESSIVE;
				GCC_WARN_UNUSED_FUNCTION = YES;
				GCC_WARN_UNUSED_VARIABLE = YES;
				IPHONEOS_DEPLOYMENT_TARGET = 13.2;
				MTL_ENABLE_DEBUG_INFO = NO;
				MTL_FAST_MATH = YES;
				SDKROOT = iphoneos;
				SWIFT_COMPILATION_MODE = wholemodule;
				SWIFT_OPTIMIZATION_LEVEL = "-O";
				VALIDATE_PRODUCT = YES;
			};
			name = Release;
		};
		D16A7C3E23E0AD140059A613 /* Debug */ = {
			isa = XCBuildConfiguration;
			baseConfigurationReference = 2219F6DF74139C28C8308024 /* Pods-Parqueadero.debug.xcconfig */;
			buildSettings = {
				ASSETCATALOG_COMPILER_APPICON_NAME = AppIcon;
				CODE_SIGN_IDENTITY = "Apple Development";
				CODE_SIGN_STYLE = Automatic;
				DEVELOPMENT_TEAM = "";
				INFOPLIST_FILE = Parqueadero/Info.plist;
				LD_RUNPATH_SEARCH_PATHS = (
					"$(inherited)",
					"@executable_path/Frameworks",
				);
				"OTHER_SWIFT_FLAGS[arch=*]" = "-D Parqueadero";
				PRODUCT_BUNDLE_IDENTIFIER = com.ceiba.Parqueadero;
				PRODUCT_NAME = "$(TARGET_NAME)";
				PROVISIONING_PROFILE_SPECIFIER = "";
				SWIFT_VERSION = 5.0;
				TARGETED_DEVICE_FAMILY = 1;
			};
			name = Debug;
		};
		D16A7C3F23E0AD140059A613 /* Release */ = {
			isa = XCBuildConfiguration;
			baseConfigurationReference = C4839167E2CB771D54901180 /* Pods-Parqueadero.release.xcconfig */;
			buildSettings = {
				ASSETCATALOG_COMPILER_APPICON_NAME = AppIcon;
				CODE_SIGN_IDENTITY = "Apple Development";
				CODE_SIGN_STYLE = Automatic;
				DEVELOPMENT_TEAM = "";
				INFOPLIST_FILE = Parqueadero/Info.plist;
				LD_RUNPATH_SEARCH_PATHS = (
					"$(inherited)",
					"@executable_path/Frameworks",
				);
				PRODUCT_BUNDLE_IDENTIFIER = com.ceiba.Parqueadero;
				PRODUCT_NAME = "$(TARGET_NAME)";
				PROVISIONING_PROFILE_SPECIFIER = "";
				SWIFT_VERSION = 5.0;
				TARGETED_DEVICE_FAMILY = 1;
			};
			name = Release;
		};
		D16A7C4123E0AD140059A613 /* Debug */ = {
			isa = XCBuildConfiguration;
			baseConfigurationReference = 2827C6DD5A7BF45BB24ED824 /* Pods-ParqueaderoTests.debug.xcconfig */;
			buildSettings = {
				ALWAYS_EMBED_SWIFT_STANDARD_LIBRARIES = YES;
				BUNDLE_LOADER = "$(TEST_HOST)";
				CODE_SIGN_STYLE = Automatic;
				INFOPLIST_FILE = ParqueaderoTests/Info.plist;
				IPHONEOS_DEPLOYMENT_TARGET = 13.2;
				LD_RUNPATH_SEARCH_PATHS = (
					"$(inherited)",
					"@executable_path/Frameworks",
					"@loader_path/Frameworks",
				);
				PRODUCT_BUNDLE_IDENTIFIER = com.ceiba.ParqueaderoTests;
				PRODUCT_NAME = "$(TARGET_NAME)";
				SWIFT_VERSION = 5.0;
				TARGETED_DEVICE_FAMILY = "1,2";
				TEST_HOST = "$(BUILT_PRODUCTS_DIR)/Parqueadero.app/Parqueadero";
			};
			name = Debug;
		};
		D16A7C4223E0AD140059A613 /* Release */ = {
			isa = XCBuildConfiguration;
			baseConfigurationReference = 41D0F75CC995B78E38C8C485 /* Pods-ParqueaderoTests.release.xcconfig */;
			buildSettings = {
				ALWAYS_EMBED_SWIFT_STANDARD_LIBRARIES = YES;
				BUNDLE_LOADER = "$(TEST_HOST)";
				CODE_SIGN_STYLE = Automatic;
				INFOPLIST_FILE = ParqueaderoTests/Info.plist;
				IPHONEOS_DEPLOYMENT_TARGET = 13.2;
				LD_RUNPATH_SEARCH_PATHS = (
					"$(inherited)",
					"@executable_path/Frameworks",
					"@loader_path/Frameworks",
				);
				PRODUCT_BUNDLE_IDENTIFIER = com.ceiba.ParqueaderoTests;
				PRODUCT_NAME = "$(TARGET_NAME)";
				SWIFT_VERSION = 5.0;
				TARGETED_DEVICE_FAMILY = "1,2";
				TEST_HOST = "$(BUILT_PRODUCTS_DIR)/Parqueadero.app/Parqueadero";
			};
			name = Release;
		};
		D16A7C4423E0AD140059A613 /* Debug */ = {
			isa = XCBuildConfiguration;
			baseConfigurationReference = 95BFC115DB1D4580E727094F /* Pods-Parqueadero-ParqueaderoUITests.debug.xcconfig */;
			buildSettings = {
				ALWAYS_EMBED_SWIFT_STANDARD_LIBRARIES = YES;
				CODE_SIGN_STYLE = Automatic;
				INFOPLIST_FILE = ParqueaderoUITests/Info.plist;
				LD_RUNPATH_SEARCH_PATHS = (
					"$(inherited)",
					"@executable_path/Frameworks",
					"@loader_path/Frameworks",
				);
				PRODUCT_BUNDLE_IDENTIFIER = com.ceiba.ParqueaderoUITests;
				PRODUCT_NAME = "$(TARGET_NAME)";
				SWIFT_VERSION = 5.0;
				TARGETED_DEVICE_FAMILY = "1,2";
				TEST_TARGET_NAME = Parqueadero;
			};
			name = Debug;
		};
		D16A7C4523E0AD140059A613 /* Release */ = {
			isa = XCBuildConfiguration;
			baseConfigurationReference = F8CC966FB9D6EBB5F84F2342 /* Pods-Parqueadero-ParqueaderoUITests.release.xcconfig */;
			buildSettings = {
				ALWAYS_EMBED_SWIFT_STANDARD_LIBRARIES = YES;
				CODE_SIGN_STYLE = Automatic;
				INFOPLIST_FILE = ParqueaderoUITests/Info.plist;
				LD_RUNPATH_SEARCH_PATHS = (
					"$(inherited)",
					"@executable_path/Frameworks",
					"@loader_path/Frameworks",
				);
				PRODUCT_BUNDLE_IDENTIFIER = com.ceiba.ParqueaderoUITests;
				PRODUCT_NAME = "$(TARGET_NAME)";
				SWIFT_VERSION = 5.0;
				TARGETED_DEVICE_FAMILY = "1,2";
				TEST_TARGET_NAME = Parqueadero;
			};
			name = Release;
		};
/* End XCBuildConfiguration section */

/* Begin XCConfigurationList section */
		D16A7C0E23E0AD110059A613 /* Build configuration list for PBXProject "Parqueadero" */ = {
			isa = XCConfigurationList;
			buildConfigurations = (
				D16A7C3B23E0AD140059A613 /* Debug */,
				D15962B223F362EE00C0814B /* Debug Mock */,
				D16A7C3C23E0AD140059A613 /* Release */,
			);
			defaultConfigurationIsVisible = 0;
			defaultConfigurationName = Debug;
		};
		D16A7C3D23E0AD140059A613 /* Build configuration list for PBXNativeTarget "Parqueadero" */ = {
			isa = XCConfigurationList;
			buildConfigurations = (
				D16A7C3E23E0AD140059A613 /* Debug */,
				D15962B323F362EE00C0814B /* Debug Mock */,
				D16A7C3F23E0AD140059A613 /* Release */,
			);
			defaultConfigurationIsVisible = 0;
			defaultConfigurationName = Debug;
		};
		D16A7C4023E0AD140059A613 /* Build configuration list for PBXNativeTarget "ParqueaderoTests" */ = {
			isa = XCConfigurationList;
			buildConfigurations = (
				D16A7C4123E0AD140059A613 /* Debug */,
				D15962B423F362EE00C0814B /* Debug Mock */,
				D16A7C4223E0AD140059A613 /* Release */,
			);
			defaultConfigurationIsVisible = 0;
			defaultConfigurationName = Debug;
		};
		D16A7C4323E0AD140059A613 /* Build configuration list for PBXNativeTarget "ParqueaderoUITests" */ = {
			isa = XCConfigurationList;
			buildConfigurations = (
				D16A7C4423E0AD140059A613 /* Debug */,
				D15962B523F362EE00C0814B /* Debug Mock */,
				D16A7C4523E0AD140059A613 /* Release */,
			);
			defaultConfigurationIsVisible = 0;
			defaultConfigurationName = Debug;
		};
/* End XCConfigurationList section */
	};
	rootObject = D16A7C0B23E0AD110059A613 /* Project object */;
}
