// !$*UTF8*$!
{
	archiveVersion = 1;
	classes = {
	};
	objectVersion = 51;
	objects = {

/* Begin PBXBuildFile section */
		6179AAC9577F4930530681EB /* Pods_Parqueadero_ParqueaderoUITests.framework in Frameworks */ = {isa = PBXBuildFile; fileRef = 6D234A5CFD8C9766DCAD0A96 /* Pods_Parqueadero_ParqueaderoUITests.framework */; };
		8F2D46D5C12B052BB3F7D80E /* Pods_ParqueaderoTests.framework in Frameworks */ = {isa = PBXBuildFile; fileRef = 658D7708C7DABD79215BEDA0 /* Pods_ParqueaderoTests.framework */; };
		A0CD371127725E43250CB8EC /* Pods_Parqueadero.framework in Frameworks */ = {isa = PBXBuildFile; fileRef = 5F360D18295FBD8D9EEB557E /* Pods_Parqueadero.framework */; };
		D11FD49923E8A7C00017883D /* Vehicles.storyboard in Resources */ = {isa = PBXBuildFile; fileRef = D11FD49823E8A7C00017883D /* Vehicles.storyboard */; };
		D16A7C1723E0AD120059A613 /* AppDelegate.swift in Sources */ = {isa = PBXBuildFile; fileRef = D16A7C1623E0AD120059A613 /* AppDelegate.swift */; };
		D16A7C1923E0AD120059A613 /* SceneDelegate.swift in Sources */ = {isa = PBXBuildFile; fileRef = D16A7C1823E0AD120059A613 /* SceneDelegate.swift */; };
		D16A7C2023E0AD130059A613 /* Assets.xcassets in Resources */ = {isa = PBXBuildFile; fileRef = D16A7C1F23E0AD130059A613 /* Assets.xcassets */; };
		D16A7C2323E0AD130059A613 /* LaunchScreen.storyboard in Resources */ = {isa = PBXBuildFile; fileRef = D16A7C2123E0AD130059A613 /* LaunchScreen.storyboard */; };
		D16A7C2E23E0AD140059A613 /* ParqueaderoTests.swift in Sources */ = {isa = PBXBuildFile; fileRef = D16A7C2D23E0AD140059A613 /* ParqueaderoTests.swift */; };
		D16A7C3923E0AD140059A613 /* ParqueaderoUITests.swift in Sources */ = {isa = PBXBuildFile; fileRef = D16A7C3823E0AD140059A613 /* ParqueaderoUITests.swift */; };
		D19BC7CC23E31210005E5CB5 /* Vehicle.swift in Sources */ = {isa = PBXBuildFile; fileRef = D19BC7CB23E31210005E5CB5 /* Vehicle.swift */; };
		D19BC7D423E32288005E5CB5 /* ParkingController.swift in Sources */ = {isa = PBXBuildFile; fileRef = D19BC7D323E32288005E5CB5 /* ParkingController.swift */; };
		D19D1AAB23E8B729003FDB0E /* VehiclesViewController.swift in Sources */ = {isa = PBXBuildFile; fileRef = D19D1AAA23E8B729003FDB0E /* VehiclesViewController.swift */; };
		D19D1AAD23E8B87C003FDB0E /* ParkingViewModel.swift in Sources */ = {isa = PBXBuildFile; fileRef = D19D1AAC23E8B87C003FDB0E /* ParkingViewModel.swift */; };
		D19D1AAF23E8BC2F003FDB0E /* VehiclesViewControllerHelper.swift in Sources */ = {isa = PBXBuildFile; fileRef = D19D1AAE23E8BC2F003FDB0E /* VehiclesViewControllerHelper.swift */; };
		D19D1AB523E8BD45003FDB0E /* VehicleCell.swift in Sources */ = {isa = PBXBuildFile; fileRef = D19D1AB323E8BD45003FDB0E /* VehicleCell.swift */; };
		D19D1AB623E8BD45003FDB0E /* VehicleCell.xib in Resources */ = {isa = PBXBuildFile; fileRef = D19D1AB423E8BD45003FDB0E /* VehicleCell.xib */; };
		D19D1AB923E8C385003FDB0E /* ExtensionHelpers.swift in Sources */ = {isa = PBXBuildFile; fileRef = D19D1AB823E8C385003FDB0E /* ExtensionHelpers.swift */; };
		D19D1ABD23E8C4A8003FDB0E /* AddVehicle.storyboard in Resources */ = {isa = PBXBuildFile; fileRef = D19D1ABC23E8C4A8003FDB0E /* AddVehicle.storyboard */; };
		D19D1ABF23E8C4CA003FDB0E /* AddVehicleViewController.swift in Sources */ = {isa = PBXBuildFile; fileRef = D19D1ABE23E8C4CA003FDB0E /* AddVehicleViewController.swift */; };
		D1A164F723E35479008F7D32 /* ParkingPrices.swift in Sources */ = {isa = PBXBuildFile; fileRef = D1A164F623E35479008F7D32 /* ParkingPrices.swift */; };
		D1B2BF4723E4A66B0044F90D /* ParkingDAO.swift in Sources */ = {isa = PBXBuildFile; fileRef = D1B2BF4623E4A66B0044F90D /* ParkingDAO.swift */; };
/* End PBXBuildFile section */

/* Begin PBXContainerItemProxy section */
		D16A7C2A23E0AD140059A613 /* PBXContainerItemProxy */ = {
			isa = PBXContainerItemProxy;
			containerPortal = D16A7C0B23E0AD110059A613 /* Project object */;
			proxyType = 1;
			remoteGlobalIDString = D16A7C1223E0AD120059A613;
			remoteInfo = Parqueadero;
		};
		D16A7C3523E0AD140059A613 /* PBXContainerItemProxy */ = {
			isa = PBXContainerItemProxy;
			containerPortal = D16A7C0B23E0AD110059A613 /* Project object */;
			proxyType = 1;
			remoteGlobalIDString = D16A7C1223E0AD120059A613;
			remoteInfo = Parqueadero;
		};
/* End PBXContainerItemProxy section */

/* Begin PBXFileReference section */
		5F360D18295FBD8D9EEB557E /* Pods_Parqueadero.framework */ = {isa = PBXFileReference; explicitFileType = wrapper.framework; includeInIndex = 0; path = Pods_Parqueadero.framework; sourceTree = BUILT_PRODUCTS_DIR; };
		658D7708C7DABD79215BEDA0 /* Pods_ParqueaderoTests.framework */ = {isa = PBXFileReference; explicitFileType = wrapper.framework; includeInIndex = 0; path = Pods_ParqueaderoTests.framework; sourceTree = BUILT_PRODUCTS_DIR; };
		6D234A5CFD8C9766DCAD0A96 /* Pods_Parqueadero_ParqueaderoUITests.framework */ = {isa = PBXFileReference; explicitFileType = wrapper.framework; includeInIndex = 0; path = Pods_Parqueadero_ParqueaderoUITests.framework; sourceTree = BUILT_PRODUCTS_DIR; };
		752061822CEFE9E8AADF9086 /* Pods-Parqueadero.debug.xcconfig */ = {isa = PBXFileReference; includeInIndex = 1; lastKnownFileType = text.xcconfig; name = "Pods-Parqueadero.debug.xcconfig"; path = "Target Support Files/Pods-Parqueadero/Pods-Parqueadero.debug.xcconfig"; sourceTree = "<group>"; };
		81788F45DEB16B8DAB8CF7AB /* Pods-Parqueadero-ParqueaderoUITests.debug.xcconfig */ = {isa = PBXFileReference; includeInIndex = 1; lastKnownFileType = text.xcconfig; name = "Pods-Parqueadero-ParqueaderoUITests.debug.xcconfig"; path = "Target Support Files/Pods-Parqueadero-ParqueaderoUITests/Pods-Parqueadero-ParqueaderoUITests.debug.xcconfig"; sourceTree = "<group>"; };
		B5CF611EAFCA0503DC44E040 /* Pods-Parqueadero-ParqueaderoUITests.release.xcconfig */ = {isa = PBXFileReference; includeInIndex = 1; lastKnownFileType = text.xcconfig; name = "Pods-Parqueadero-ParqueaderoUITests.release.xcconfig"; path = "Target Support Files/Pods-Parqueadero-ParqueaderoUITests/Pods-Parqueadero-ParqueaderoUITests.release.xcconfig"; sourceTree = "<group>"; };
		B5F6A3A921679B189B4EA0D4 /* Pods-ParqueaderoTests.release.xcconfig */ = {isa = PBXFileReference; includeInIndex = 1; lastKnownFileType = text.xcconfig; name = "Pods-ParqueaderoTests.release.xcconfig"; path = "Target Support Files/Pods-ParqueaderoTests/Pods-ParqueaderoTests.release.xcconfig"; sourceTree = "<group>"; };
		C9F65366A8AB139747F31036 /* Pods-ParqueaderoTests.debug.xcconfig */ = {isa = PBXFileReference; includeInIndex = 1; lastKnownFileType = text.xcconfig; name = "Pods-ParqueaderoTests.debug.xcconfig"; path = "Target Support Files/Pods-ParqueaderoTests/Pods-ParqueaderoTests.debug.xcconfig"; sourceTree = "<group>"; };
		D11FD49823E8A7C00017883D /* Vehicles.storyboard */ = {isa = PBXFileReference; lastKnownFileType = file.storyboard; path = Vehicles.storyboard; sourceTree = "<group>"; };
		D16A7C1323E0AD120059A613 /* Parqueadero.app */ = {isa = PBXFileReference; explicitFileType = wrapper.application; includeInIndex = 0; path = Parqueadero.app; sourceTree = BUILT_PRODUCTS_DIR; };
		D16A7C1623E0AD120059A613 /* AppDelegate.swift */ = {isa = PBXFileReference; lastKnownFileType = sourcecode.swift; path = AppDelegate.swift; sourceTree = "<group>"; };
		D16A7C1823E0AD120059A613 /* SceneDelegate.swift */ = {isa = PBXFileReference; lastKnownFileType = sourcecode.swift; path = SceneDelegate.swift; sourceTree = "<group>"; };
		D16A7C1F23E0AD130059A613 /* Assets.xcassets */ = {isa = PBXFileReference; lastKnownFileType = folder.assetcatalog; path = Assets.xcassets; sourceTree = "<group>"; };
		D16A7C2223E0AD130059A613 /* Base */ = {isa = PBXFileReference; lastKnownFileType = file.storyboard; name = Base; path = Base.lproj/LaunchScreen.storyboard; sourceTree = "<group>"; };
		D16A7C2423E0AD130059A613 /* Info.plist */ = {isa = PBXFileReference; lastKnownFileType = text.plist.xml; path = Info.plist; sourceTree = "<group>"; };
		D16A7C2923E0AD140059A613 /* ParqueaderoTests.xctest */ = {isa = PBXFileReference; explicitFileType = wrapper.cfbundle; includeInIndex = 0; path = ParqueaderoTests.xctest; sourceTree = BUILT_PRODUCTS_DIR; };
		D16A7C2D23E0AD140059A613 /* ParqueaderoTests.swift */ = {isa = PBXFileReference; lastKnownFileType = sourcecode.swift; path = ParqueaderoTests.swift; sourceTree = "<group>"; };
		D16A7C2F23E0AD140059A613 /* Info.plist */ = {isa = PBXFileReference; lastKnownFileType = text.plist.xml; path = Info.plist; sourceTree = "<group>"; };
		D16A7C3423E0AD140059A613 /* ParqueaderoUITests.xctest */ = {isa = PBXFileReference; explicitFileType = wrapper.cfbundle; includeInIndex = 0; path = ParqueaderoUITests.xctest; sourceTree = BUILT_PRODUCTS_DIR; };
		D16A7C3823E0AD140059A613 /* ParqueaderoUITests.swift */ = {isa = PBXFileReference; lastKnownFileType = sourcecode.swift; path = ParqueaderoUITests.swift; sourceTree = "<group>"; };
		D16A7C3A23E0AD140059A613 /* Info.plist */ = {isa = PBXFileReference; lastKnownFileType = text.plist.xml; path = Info.plist; sourceTree = "<group>"; };
		D19BC7CB23E31210005E5CB5 /* Vehicle.swift */ = {isa = PBXFileReference; lastKnownFileType = sourcecode.swift; path = Vehicle.swift; sourceTree = "<group>"; };
		D19BC7D323E32288005E5CB5 /* ParkingController.swift */ = {isa = PBXFileReference; lastKnownFileType = sourcecode.swift; path = ParkingController.swift; sourceTree = "<group>"; };
		D19D1AAA23E8B729003FDB0E /* VehiclesViewController.swift */ = {isa = PBXFileReference; lastKnownFileType = sourcecode.swift; path = VehiclesViewController.swift; sourceTree = "<group>"; };
		D19D1AAC23E8B87C003FDB0E /* ParkingViewModel.swift */ = {isa = PBXFileReference; lastKnownFileType = sourcecode.swift; path = ParkingViewModel.swift; sourceTree = "<group>"; };
		D19D1AAE23E8BC2F003FDB0E /* VehiclesViewControllerHelper.swift */ = {isa = PBXFileReference; lastKnownFileType = sourcecode.swift; path = VehiclesViewControllerHelper.swift; sourceTree = "<group>"; };
		D19D1AB323E8BD45003FDB0E /* VehicleCell.swift */ = {isa = PBXFileReference; lastKnownFileType = sourcecode.swift; path = VehicleCell.swift; sourceTree = "<group>"; };
		D19D1AB423E8BD45003FDB0E /* VehicleCell.xib */ = {isa = PBXFileReference; lastKnownFileType = file.xib; path = VehicleCell.xib; sourceTree = "<group>"; };
		D19D1AB823E8C385003FDB0E /* ExtensionHelpers.swift */ = {isa = PBXFileReference; lastKnownFileType = sourcecode.swift; path = ExtensionHelpers.swift; sourceTree = "<group>"; };
		D19D1ABC23E8C4A8003FDB0E /* AddVehicle.storyboard */ = {isa = PBXFileReference; lastKnownFileType = file.storyboard; path = AddVehicle.storyboard; sourceTree = "<group>"; };
		D19D1ABE23E8C4CA003FDB0E /* AddVehicleViewController.swift */ = {isa = PBXFileReference; lastKnownFileType = sourcecode.swift; path = AddVehicleViewController.swift; sourceTree = "<group>"; };
		D1A164F623E35479008F7D32 /* ParkingPrices.swift */ = {isa = PBXFileReference; lastKnownFileType = sourcecode.swift; path = ParkingPrices.swift; sourceTree = "<group>"; };
		D1B2BF4623E4A66B0044F90D /* ParkingDAO.swift */ = {isa = PBXFileReference; lastKnownFileType = sourcecode.swift; path = ParkingDAO.swift; sourceTree = "<group>"; };
		F3B3098299A28D581C614509 /* Pods-Parqueadero.release.xcconfig */ = {isa = PBXFileReference; includeInIndex = 1; lastKnownFileType = text.xcconfig; name = "Pods-Parqueadero.release.xcconfig"; path = "Target Support Files/Pods-Parqueadero/Pods-Parqueadero.release.xcconfig"; sourceTree = "<group>"; };
/* End PBXFileReference section */

/* Begin PBXFrameworksBuildPhase section */
		D16A7C1023E0AD120059A613 /* Frameworks */ = {
			isa = PBXFrameworksBuildPhase;
			buildActionMask = 2147483647;
			files = (
				A0CD371127725E43250CB8EC /* Pods_Parqueadero.framework in Frameworks */,
			);
			runOnlyForDeploymentPostprocessing = 0;
		};
		D16A7C2623E0AD140059A613 /* Frameworks */ = {
			isa = PBXFrameworksBuildPhase;
			buildActionMask = 2147483647;
			files = (
				8F2D46D5C12B052BB3F7D80E /* Pods_ParqueaderoTests.framework in Frameworks */,
			);
			runOnlyForDeploymentPostprocessing = 0;
		};
		D16A7C3123E0AD140059A613 /* Frameworks */ = {
			isa = PBXFrameworksBuildPhase;
			buildActionMask = 2147483647;
			files = (
				6179AAC9577F4930530681EB /* Pods_Parqueadero_ParqueaderoUITests.framework in Frameworks */,
			);
			runOnlyForDeploymentPostprocessing = 0;
		};
/* End PBXFrameworksBuildPhase section */

/* Begin PBXGroup section */
		50F0D710AE690D0D2D120081 /* Frameworks */ = {
			isa = PBXGroup;
			children = (
				5F360D18295FBD8D9EEB557E /* Pods_Parqueadero.framework */,
				6D234A5CFD8C9766DCAD0A96 /* Pods_Parqueadero_ParqueaderoUITests.framework */,
				658D7708C7DABD79215BEDA0 /* Pods_ParqueaderoTests.framework */,
			);
			name = Frameworks;
			sourceTree = "<group>";
		};
		D11FD49423E89BF50017883D /* View */ = {
			isa = PBXGroup;
			children = (
				D19D1ABB23E8C496003FDB0E /* AddVehicle */,
				D19D1ABA23E8C47C003FDB0E /* VehicleList */,
			);
			path = View;
			sourceTree = "<group>";
		};
		D11FD49523E89BFB0017883D /* ViewModel */ = {
			isa = PBXGroup;
			children = (
				D19D1AAC23E8B87C003FDB0E /* ParkingViewModel.swift */,
			);
			path = ViewModel;
			sourceTree = "<group>";
		};
		D16A7C0A23E0AD110059A613 = {
			isa = PBXGroup;
			children = (
				D16A7C1523E0AD120059A613 /* Parqueadero */,
				D16A7C2C23E0AD140059A613 /* ParqueaderoTests */,
				D16A7C3723E0AD140059A613 /* ParqueaderoUITests */,
				D16A7C1423E0AD120059A613 /* Products */,
				E5C22DC98E21FA246A70F0D4 /* Pods */,
				50F0D710AE690D0D2D120081 /* Frameworks */,
			);
			sourceTree = "<group>";
		};
		D16A7C1423E0AD120059A613 /* Products */ = {
			isa = PBXGroup;
			children = (
				D16A7C1323E0AD120059A613 /* Parqueadero.app */,
				D16A7C2923E0AD140059A613 /* ParqueaderoTests.xctest */,
				D16A7C3423E0AD140059A613 /* ParqueaderoUITests.xctest */,
			);
			name = Products;
			sourceTree = "<group>";
		};
		D16A7C1523E0AD120059A613 /* Parqueadero */ = {
			isa = PBXGroup;
			children = (
				D19D1AB723E8C379003FDB0E /* Common */,
				D11FD49523E89BFB0017883D /* ViewModel */,
				D11FD49423E89BF50017883D /* View */,
				D19BC7C923E30AE8005E5CB5 /* ModelDomain */,
				D16A7C1623E0AD120059A613 /* AppDelegate.swift */,
				D16A7C1823E0AD120059A613 /* SceneDelegate.swift */,
				D16A7C1F23E0AD130059A613 /* Assets.xcassets */,
				D16A7C2123E0AD130059A613 /* LaunchScreen.storyboard */,
				D16A7C2423E0AD130059A613 /* Info.plist */,
			);
			path = Parqueadero;
			sourceTree = "<group>";
		};
		D16A7C2C23E0AD140059A613 /* ParqueaderoTests */ = {
			isa = PBXGroup;
			children = (
				D16A7C2D23E0AD140059A613 /* ParqueaderoTests.swift */,
				D16A7C2F23E0AD140059A613 /* Info.plist */,
			);
			path = ParqueaderoTests;
			sourceTree = "<group>";
		};
		D16A7C3723E0AD140059A613 /* ParqueaderoUITests */ = {
			isa = PBXGroup;
			children = (
				D16A7C3823E0AD140059A613 /* ParqueaderoUITests.swift */,
				D16A7C3A23E0AD140059A613 /* Info.plist */,
			);
			path = ParqueaderoUITests;
			sourceTree = "<group>";
		};
		D19BC7C923E30AE8005E5CB5 /* ModelDomain */ = {
			isa = PBXGroup;
			children = (
				D19BC7D123E32272005E5CB5 /* Controller */,
				D19BC7D223E32278005E5CB5 /* Model */,
			);
			path = ModelDomain;
			sourceTree = "<group>";
		};
		D19BC7CA23E311E4005E5CB5 /* Entities */ = {
			isa = PBXGroup;
			children = (
				D19BC7CB23E31210005E5CB5 /* Vehicle.swift */,
				D1A164F623E35479008F7D32 /* ParkingPrices.swift */,
			);
			path = Entities;
			sourceTree = "<group>";
		};
		D19BC7D123E32272005E5CB5 /* Controller */ = {
			isa = PBXGroup;
			children = (
				D19BC7D323E32288005E5CB5 /* ParkingController.swift */,
			);
			path = Controller;
			sourceTree = "<group>";
		};
		D19BC7D223E32278005E5CB5 /* Model */ = {
			isa = PBXGroup;
			children = (
				D1A164F323E32832008F7D32 /* DAO */,
				D19BC7CA23E311E4005E5CB5 /* Entities */,
			);
			path = Model;
			sourceTree = "<group>";
		};
		D19D1AB023E8BD04003FDB0E /* VehicleCell */ = {
			isa = PBXGroup;
			children = (
				D19D1AB323E8BD45003FDB0E /* VehicleCell.swift */,
				D19D1AB423E8BD45003FDB0E /* VehicleCell.xib */,
			);
			path = VehicleCell;
			sourceTree = "<group>";
		};
		D19D1AB723E8C379003FDB0E /* Common */ = {
			isa = PBXGroup;
			children = (
				D19D1AB823E8C385003FDB0E /* ExtensionHelpers.swift */,
			);
			path = Common;
			sourceTree = "<group>";
		};
		D19D1ABA23E8C47C003FDB0E /* VehicleList */ = {
			isa = PBXGroup;
			children = (
				D19D1AB023E8BD04003FDB0E /* VehicleCell */,
				D11FD49823E8A7C00017883D /* Vehicles.storyboard */,
				D19D1AAA23E8B729003FDB0E /* VehiclesViewController.swift */,
				D19D1AAE23E8BC2F003FDB0E /* VehiclesViewControllerHelper.swift */,
			);
			path = VehicleList;
			sourceTree = "<group>";
		};
		D19D1ABB23E8C496003FDB0E /* AddVehicle */ = {
			isa = PBXGroup;
			children = (
				D19D1ABC23E8C4A8003FDB0E /* AddVehicle.storyboard */,
				D19D1ABE23E8C4CA003FDB0E /* AddVehicleViewController.swift */,
			);
			path = AddVehicle;
			sourceTree = "<group>";
		};
		D1A164F323E32832008F7D32 /* DAO */ = {
			isa = PBXGroup;
			children = (
				D1B2BF4623E4A66B0044F90D /* ParkingDAO.swift */,
			);
			path = DAO;
			sourceTree = "<group>";
		};
		E5C22DC98E21FA246A70F0D4 /* Pods */ = {
			isa = PBXGroup;
			children = (
				752061822CEFE9E8AADF9086 /* Pods-Parqueadero.debug.xcconfig */,
				F3B3098299A28D581C614509 /* Pods-Parqueadero.release.xcconfig */,
				81788F45DEB16B8DAB8CF7AB /* Pods-Parqueadero-ParqueaderoUITests.debug.xcconfig */,
				B5CF611EAFCA0503DC44E040 /* Pods-Parqueadero-ParqueaderoUITests.release.xcconfig */,
				C9F65366A8AB139747F31036 /* Pods-ParqueaderoTests.debug.xcconfig */,
				B5F6A3A921679B189B4EA0D4 /* Pods-ParqueaderoTests.release.xcconfig */,
			);
			path = Pods;
			sourceTree = "<group>";
		};
/* End PBXGroup section */

/* Begin PBXNativeTarget section */
		D16A7C1223E0AD120059A613 /* Parqueadero */ = {
			isa = PBXNativeTarget;
			buildConfigurationList = D16A7C3D23E0AD140059A613 /* Build configuration list for PBXNativeTarget "Parqueadero" */;
			buildPhases = (
				7CAF1610F7DE7821D94B4515 /* [CP] Check Pods Manifest.lock */,
				D16A7C0F23E0AD120059A613 /* Sources */,
				D16A7C1023E0AD120059A613 /* Frameworks */,
				D16A7C1123E0AD120059A613 /* Resources */,
				EE4C4D22C141252D9E0A6BAC /* [CP] Embed Pods Frameworks */,
			);
			buildRules = (
			);
			dependencies = (
			);
			name = Parqueadero;
			productName = Parqueadero;
			productReference = D16A7C1323E0AD120059A613 /* Parqueadero.app */;
			productType = "com.apple.product-type.application";
		};
		D16A7C2823E0AD140059A613 /* ParqueaderoTests */ = {
			isa = PBXNativeTarget;
			buildConfigurationList = D16A7C4023E0AD140059A613 /* Build configuration list for PBXNativeTarget "ParqueaderoTests" */;
			buildPhases = (
				4560DFF795F90AEC22AD8D4D /* [CP] Check Pods Manifest.lock */,
				D16A7C2523E0AD140059A613 /* Sources */,
				D16A7C2623E0AD140059A613 /* Frameworks */,
				D16A7C2723E0AD140059A613 /* Resources */,
			);
			buildRules = (
			);
			dependencies = (
				D16A7C2B23E0AD140059A613 /* PBXTargetDependency */,
			);
			name = ParqueaderoTests;
			productName = ParqueaderoTests;
			productReference = D16A7C2923E0AD140059A613 /* ParqueaderoTests.xctest */;
			productType = "com.apple.product-type.bundle.unit-test";
		};
		D16A7C3323E0AD140059A613 /* ParqueaderoUITests */ = {
			isa = PBXNativeTarget;
			buildConfigurationList = D16A7C4323E0AD140059A613 /* Build configuration list for PBXNativeTarget "ParqueaderoUITests" */;
			buildPhases = (
				233E1A9791B02D65469D1531 /* [CP] Check Pods Manifest.lock */,
				D16A7C3023E0AD140059A613 /* Sources */,
				D16A7C3123E0AD140059A613 /* Frameworks */,
				D16A7C3223E0AD140059A613 /* Resources */,
				FD2647294A5722E3DC6CA6D8 /* [CP] Embed Pods Frameworks */,
			);
			buildRules = (
			);
			dependencies = (
				D16A7C3623E0AD140059A613 /* PBXTargetDependency */,
			);
			name = ParqueaderoUITests;
			productName = ParqueaderoUITests;
			productReference = D16A7C3423E0AD140059A613 /* ParqueaderoUITests.xctest */;
			productType = "com.apple.product-type.bundle.ui-testing";
		};
/* End PBXNativeTarget section */

/* Begin PBXProject section */
		D16A7C0B23E0AD110059A613 /* Project object */ = {
			isa = PBXProject;
			attributes = {
				LastSwiftUpdateCheck = 1130;
				LastUpgradeCheck = 1130;
				ORGANIZATIONNAME = "Andrés Enrique Carrillo Miranda - Ceiba Software";
				TargetAttributes = {
					D16A7C1223E0AD120059A613 = {
						CreatedOnToolsVersion = 11.3.1;
					};
					D16A7C2823E0AD140059A613 = {
						CreatedOnToolsVersion = 11.3.1;
						TestTargetID = D16A7C1223E0AD120059A613;
					};
					D16A7C3323E0AD140059A613 = {
						CreatedOnToolsVersion = 11.3.1;
						TestTargetID = D16A7C1223E0AD120059A613;
					};
				};
			};
			buildConfigurationList = D16A7C0E23E0AD110059A613 /* Build configuration list for PBXProject "Parqueadero" */;
			compatibilityVersion = "Xcode 9.3";
			developmentRegion = en;
			hasScannedForEncodings = 0;
			knownRegions = (
				en,
				Base,
			);
			mainGroup = D16A7C0A23E0AD110059A613;
			productRefGroup = D16A7C1423E0AD120059A613 /* Products */;
			projectDirPath = "";
			projectRoot = "";
			targets = (
				D16A7C1223E0AD120059A613 /* Parqueadero */,
				D16A7C2823E0AD140059A613 /* ParqueaderoTests */,
				D16A7C3323E0AD140059A613 /* ParqueaderoUITests */,
			);
		};
/* End PBXProject section */

/* Begin PBXResourcesBuildPhase section */
		D16A7C1123E0AD120059A613 /* Resources */ = {
			isa = PBXResourcesBuildPhase;
			buildActionMask = 2147483647;
			files = (
				D19D1AB623E8BD45003FDB0E /* VehicleCell.xib in Resources */,
				D19D1ABD23E8C4A8003FDB0E /* AddVehicle.storyboard in Resources */,
				D16A7C2323E0AD130059A613 /* LaunchScreen.storyboard in Resources */,
				D11FD49923E8A7C00017883D /* Vehicles.storyboard in Resources */,
				D16A7C2023E0AD130059A613 /* Assets.xcassets in Resources */,
			);
			runOnlyForDeploymentPostprocessing = 0;
		};
		D16A7C2723E0AD140059A613 /* Resources */ = {
			isa = PBXResourcesBuildPhase;
			buildActionMask = 2147483647;
			files = (
			);
			runOnlyForDeploymentPostprocessing = 0;
		};
		D16A7C3223E0AD140059A613 /* Resources */ = {
			isa = PBXResourcesBuildPhase;
			buildActionMask = 2147483647;
			files = (
			);
			runOnlyForDeploymentPostprocessing = 0;
		};
/* End PBXResourcesBuildPhase section */

/* Begin PBXShellScriptBuildPhase section */
		233E1A9791B02D65469D1531 /* [CP] Check Pods Manifest.lock */ = {
			isa = PBXShellScriptBuildPhase;
			buildActionMask = 2147483647;
			files = (
			);
			inputFileListPaths = (
			);
			inputPaths = (
				"${PODS_PODFILE_DIR_PATH}/Podfile.lock",
				"${PODS_ROOT}/Manifest.lock",
			);
			name = "[CP] Check Pods Manifest.lock";
			outputFileListPaths = (
			);
			outputPaths = (
				"$(DERIVED_FILE_DIR)/Pods-Parqueadero-ParqueaderoUITests-checkManifestLockResult.txt",
			);
			runOnlyForDeploymentPostprocessing = 0;
			shellPath = /bin/sh;
			shellScript = "diff \"${PODS_PODFILE_DIR_PATH}/Podfile.lock\" \"${PODS_ROOT}/Manifest.lock\" > /dev/null\nif [ $? != 0 ] ; then\n    # print error to STDERR\n    echo \"error: The sandbox is not in sync with the Podfile.lock. Run 'pod install' or update your CocoaPods installation.\" >&2\n    exit 1\nfi\n# This output is used by Xcode 'outputs' to avoid re-running this script phase.\necho \"SUCCESS\" > \"${SCRIPT_OUTPUT_FILE_0}\"\n";
			showEnvVarsInLog = 0;
		};
		4560DFF795F90AEC22AD8D4D /* [CP] Check Pods Manifest.lock */ = {
			isa = PBXShellScriptBuildPhase;
			buildActionMask = 2147483647;
			files = (
			);
			inputFileListPaths = (
			);
			inputPaths = (
				"${PODS_PODFILE_DIR_PATH}/Podfile.lock",
				"${PODS_ROOT}/Manifest.lock",
			);
			name = "[CP] Check Pods Manifest.lock";
			outputFileListPaths = (
			);
			outputPaths = (
				"$(DERIVED_FILE_DIR)/Pods-ParqueaderoTests-checkManifestLockResult.txt",
			);
			runOnlyForDeploymentPostprocessing = 0;
			shellPath = /bin/sh;
			shellScript = "diff \"${PODS_PODFILE_DIR_PATH}/Podfile.lock\" \"${PODS_ROOT}/Manifest.lock\" > /dev/null\nif [ $? != 0 ] ; then\n    # print error to STDERR\n    echo \"error: The sandbox is not in sync with the Podfile.lock. Run 'pod install' or update your CocoaPods installation.\" >&2\n    exit 1\nfi\n# This output is used by Xcode 'outputs' to avoid re-running this script phase.\necho \"SUCCESS\" > \"${SCRIPT_OUTPUT_FILE_0}\"\n";
			showEnvVarsInLog = 0;
		};
		7CAF1610F7DE7821D94B4515 /* [CP] Check Pods Manifest.lock */ = {
			isa = PBXShellScriptBuildPhase;
			buildActionMask = 2147483647;
			files = (
			);
			inputFileListPaths = (
			);
			inputPaths = (
				"${PODS_PODFILE_DIR_PATH}/Podfile.lock",
				"${PODS_ROOT}/Manifest.lock",
			);
			name = "[CP] Check Pods Manifest.lock";
			outputFileListPaths = (
			);
			outputPaths = (
				"$(DERIVED_FILE_DIR)/Pods-Parqueadero-checkManifestLockResult.txt",
			);
			runOnlyForDeploymentPostprocessing = 0;
			shellPath = /bin/sh;
			shellScript = "diff \"${PODS_PODFILE_DIR_PATH}/Podfile.lock\" \"${PODS_ROOT}/Manifest.lock\" > /dev/null\nif [ $? != 0 ] ; then\n    # print error to STDERR\n    echo \"error: The sandbox is not in sync with the Podfile.lock. Run 'pod install' or update your CocoaPods installation.\" >&2\n    exit 1\nfi\n# This output is used by Xcode 'outputs' to avoid re-running this script phase.\necho \"SUCCESS\" > \"${SCRIPT_OUTPUT_FILE_0}\"\n";
			showEnvVarsInLog = 0;
		};
		EE4C4D22C141252D9E0A6BAC /* [CP] Embed Pods Frameworks */ = {
			isa = PBXShellScriptBuildPhase;
			buildActionMask = 2147483647;
			files = (
			);
			inputFileListPaths = (
				"${PODS_ROOT}/Target Support Files/Pods-Parqueadero/Pods-Parqueadero-frameworks-${CONFIGURATION}-input-files.xcfilelist",
			);
			name = "[CP] Embed Pods Frameworks";
			outputFileListPaths = (
				"${PODS_ROOT}/Target Support Files/Pods-Parqueadero/Pods-Parqueadero-frameworks-${CONFIGURATION}-output-files.xcfilelist",
			);
			runOnlyForDeploymentPostprocessing = 0;
			shellPath = /bin/sh;
			shellScript = "\"${PODS_ROOT}/Target Support Files/Pods-Parqueadero/Pods-Parqueadero-frameworks.sh\"\n";
			showEnvVarsInLog = 0;
		};
		FD2647294A5722E3DC6CA6D8 /* [CP] Embed Pods Frameworks */ = {
			isa = PBXShellScriptBuildPhase;
			buildActionMask = 2147483647;
			files = (
			);
			inputFileListPaths = (
				"${PODS_ROOT}/Target Support Files/Pods-Parqueadero-ParqueaderoUITests/Pods-Parqueadero-ParqueaderoUITests-frameworks-${CONFIGURATION}-input-files.xcfilelist",
			);
			name = "[CP] Embed Pods Frameworks";
			outputFileListPaths = (
				"${PODS_ROOT}/Target Support Files/Pods-Parqueadero-ParqueaderoUITests/Pods-Parqueadero-ParqueaderoUITests-frameworks-${CONFIGURATION}-output-files.xcfilelist",
			);
			runOnlyForDeploymentPostprocessing = 0;
			shellPath = /bin/sh;
			shellScript = "\"${PODS_ROOT}/Target Support Files/Pods-Parqueadero-ParqueaderoUITests/Pods-Parqueadero-ParqueaderoUITests-frameworks.sh\"\n";
			showEnvVarsInLog = 0;
		};
/* End PBXShellScriptBuildPhase section */

/* Begin PBXSourcesBuildPhase section */
		D16A7C0F23E0AD120059A613 /* Sources */ = {
			isa = PBXSourcesBuildPhase;
			buildActionMask = 2147483647;
			files = (
				D19D1AB523E8BD45003FDB0E /* VehicleCell.swift in Sources */,
				D1B2BF4723E4A66B0044F90D /* ParkingDAO.swift in Sources */,
				D19D1AAD23E8B87C003FDB0E /* ParkingViewModel.swift in Sources */,
				D19D1AAF23E8BC2F003FDB0E /* VehiclesViewControllerHelper.swift in Sources */,
				D19D1AAB23E8B729003FDB0E /* VehiclesViewController.swift in Sources */,
				D19BC7CC23E31210005E5CB5 /* Vehicle.swift in Sources */,
				D19BC7D423E32288005E5CB5 /* ParkingController.swift in Sources */,
				D16A7C1723E0AD120059A613 /* AppDelegate.swift in Sources */,
				D19D1AB923E8C385003FDB0E /* ExtensionHelpers.swift in Sources */,
				D19D1ABF23E8C4CA003FDB0E /* AddVehicleViewController.swift in Sources */,
				D1A164F723E35479008F7D32 /* ParkingPrices.swift in Sources */,
				D16A7C1923E0AD120059A613 /* SceneDelegate.swift in Sources */,
			);
			runOnlyForDeploymentPostprocessing = 0;
		};
		D16A7C2523E0AD140059A613 /* Sources */ = {
			isa = PBXSourcesBuildPhase;
			buildActionMask = 2147483647;
			files = (
				D16A7C2E23E0AD140059A613 /* ParqueaderoTests.swift in Sources */,
			);
			runOnlyForDeploymentPostprocessing = 0;
		};
		D16A7C3023E0AD140059A613 /* Sources */ = {
			isa = PBXSourcesBuildPhase;
			buildActionMask = 2147483647;
			files = (
				D16A7C3923E0AD140059A613 /* ParqueaderoUITests.swift in Sources */,
			);
			runOnlyForDeploymentPostprocessing = 0;
		};
/* End PBXSourcesBuildPhase section */

/* Begin PBXTargetDependency section */
		D16A7C2B23E0AD140059A613 /* PBXTargetDependency */ = {
			isa = PBXTargetDependency;
			target = D16A7C1223E0AD120059A613 /* Parqueadero */;
			targetProxy = D16A7C2A23E0AD140059A613 /* PBXContainerItemProxy */;
		};
		D16A7C3623E0AD140059A613 /* PBXTargetDependency */ = {
			isa = PBXTargetDependency;
			target = D16A7C1223E0AD120059A613 /* Parqueadero */;
			targetProxy = D16A7C3523E0AD140059A613 /* PBXContainerItemProxy */;
		};
/* End PBXTargetDependency section */

/* Begin PBXVariantGroup section */
		D16A7C2123E0AD130059A613 /* LaunchScreen.storyboard */ = {
			isa = PBXVariantGroup;
			children = (
				D16A7C2223E0AD130059A613 /* Base */,
			);
			name = LaunchScreen.storyboard;
			sourceTree = "<group>";
		};
/* End PBXVariantGroup section */

/* Begin XCBuildConfiguration section */
		D16A7C3B23E0AD140059A613 /* Debug */ = {
			isa = XCBuildConfiguration;
			buildSettings = {
				ALWAYS_SEARCH_USER_PATHS = NO;
				CLANG_ANALYZER_NONNULL = YES;
				CLANG_ANALYZER_NUMBER_OBJECT_CONVERSION = YES_AGGRESSIVE;
				CLANG_CXX_LANGUAGE_STANDARD = "gnu++14";
				CLANG_CXX_LIBRARY = "libc++";
				CLANG_ENABLE_MODULES = YES;
				CLANG_ENABLE_OBJC_ARC = YES;
				CLANG_ENABLE_OBJC_WEAK = YES;
				CLANG_WARN_BLOCK_CAPTURE_AUTORELEASING = YES;
				CLANG_WARN_BOOL_CONVERSION = YES;
				CLANG_WARN_COMMA = YES;
				CLANG_WARN_CONSTANT_CONVERSION = YES;
				CLANG_WARN_DEPRECATED_OBJC_IMPLEMENTATIONS = YES;
				CLANG_WARN_DIRECT_OBJC_ISA_USAGE = YES_ERROR;
				CLANG_WARN_DOCUMENTATION_COMMENTS = YES;
				CLANG_WARN_EMPTY_BODY = YES;
				CLANG_WARN_ENUM_CONVERSION = YES;
				CLANG_WARN_INFINITE_RECURSION = YES;
				CLANG_WARN_INT_CONVERSION = YES;
				CLANG_WARN_NON_LITERAL_NULL_CONVERSION = YES;
				CLANG_WARN_OBJC_IMPLICIT_RETAIN_SELF = YES;
				CLANG_WARN_OBJC_LITERAL_CONVERSION = YES;
				CLANG_WARN_OBJC_ROOT_CLASS = YES_ERROR;
				CLANG_WARN_RANGE_LOOP_ANALYSIS = YES;
				CLANG_WARN_STRICT_PROTOTYPES = YES;
				CLANG_WARN_SUSPICIOUS_MOVE = YES;
				CLANG_WARN_UNGUARDED_AVAILABILITY = YES_AGGRESSIVE;
				CLANG_WARN_UNREACHABLE_CODE = YES;
				CLANG_WARN__DUPLICATE_METHOD_MATCH = YES;
				COPY_PHASE_STRIP = NO;
				DEBUG_INFORMATION_FORMAT = dwarf;
				ENABLE_STRICT_OBJC_MSGSEND = YES;
				ENABLE_TESTABILITY = YES;
				GCC_C_LANGUAGE_STANDARD = gnu11;
				GCC_DYNAMIC_NO_PIC = NO;
				GCC_NO_COMMON_BLOCKS = YES;
				GCC_OPTIMIZATION_LEVEL = 0;
				GCC_PREPROCESSOR_DEFINITIONS = (
					"DEBUG=1",
					"$(inherited)",
				);
				GCC_WARN_64_TO_32_BIT_CONVERSION = YES;
				GCC_WARN_ABOUT_RETURN_TYPE = YES_ERROR;
				GCC_WARN_UNDECLARED_SELECTOR = YES;
				GCC_WARN_UNINITIALIZED_AUTOS = YES_AGGRESSIVE;
				GCC_WARN_UNUSED_FUNCTION = YES;
				GCC_WARN_UNUSED_VARIABLE = YES;
				IPHONEOS_DEPLOYMENT_TARGET = 13.2;
				MTL_ENABLE_DEBUG_INFO = INCLUDE_SOURCE;
				MTL_FAST_MATH = YES;
				ONLY_ACTIVE_ARCH = YES;
				SDKROOT = iphoneos;
				SWIFT_ACTIVE_COMPILATION_CONDITIONS = DEBUG;
				SWIFT_OPTIMIZATION_LEVEL = "-Onone";
			};
			name = Debug;
		};
		D16A7C3C23E0AD140059A613 /* Release */ = {
			isa = XCBuildConfiguration;
			buildSettings = {
				ALWAYS_SEARCH_USER_PATHS = NO;
				CLANG_ANALYZER_NONNULL = YES;
				CLANG_ANALYZER_NUMBER_OBJECT_CONVERSION = YES_AGGRESSIVE;
				CLANG_CXX_LANGUAGE_STANDARD = "gnu++14";
				CLANG_CXX_LIBRARY = "libc++";
				CLANG_ENABLE_MODULES = YES;
				CLANG_ENABLE_OBJC_ARC = YES;
				CLANG_ENABLE_OBJC_WEAK = YES;
				CLANG_WARN_BLOCK_CAPTURE_AUTORELEASING = YES;
				CLANG_WARN_BOOL_CONVERSION = YES;
				CLANG_WARN_COMMA = YES;
				CLANG_WARN_CONSTANT_CONVERSION = YES;
				CLANG_WARN_DEPRECATED_OBJC_IMPLEMENTATIONS = YES;
				CLANG_WARN_DIRECT_OBJC_ISA_USAGE = YES_ERROR;
				CLANG_WARN_DOCUMENTATION_COMMENTS = YES;
				CLANG_WARN_EMPTY_BODY = YES;
				CLANG_WARN_ENUM_CONVERSION = YES;
				CLANG_WARN_INFINITE_RECURSION = YES;
				CLANG_WARN_INT_CONVERSION = YES;
				CLANG_WARN_NON_LITERAL_NULL_CONVERSION = YES;
				CLANG_WARN_OBJC_IMPLICIT_RETAIN_SELF = YES;
				CLANG_WARN_OBJC_LITERAL_CONVERSION = YES;
				CLANG_WARN_OBJC_ROOT_CLASS = YES_ERROR;
				CLANG_WARN_RANGE_LOOP_ANALYSIS = YES;
				CLANG_WARN_STRICT_PROTOTYPES = YES;
				CLANG_WARN_SUSPICIOUS_MOVE = YES;
				CLANG_WARN_UNGUARDED_AVAILABILITY = YES_AGGRESSIVE;
				CLANG_WARN_UNREACHABLE_CODE = YES;
				CLANG_WARN__DUPLICATE_METHOD_MATCH = YES;
				COPY_PHASE_STRIP = NO;
				DEBUG_INFORMATION_FORMAT = "dwarf-with-dsym";
				ENABLE_NS_ASSERTIONS = NO;
				ENABLE_STRICT_OBJC_MSGSEND = YES;
				GCC_C_LANGUAGE_STANDARD = gnu11;
				GCC_NO_COMMON_BLOCKS = YES;
				GCC_WARN_64_TO_32_BIT_CONVERSION = YES;
				GCC_WARN_ABOUT_RETURN_TYPE = YES_ERROR;
				GCC_WARN_UNDECLARED_SELECTOR = YES;
				GCC_WARN_UNINITIALIZED_AUTOS = YES_AGGRESSIVE;
				GCC_WARN_UNUSED_FUNCTION = YES;
				GCC_WARN_UNUSED_VARIABLE = YES;
				IPHONEOS_DEPLOYMENT_TARGET = 13.2;
				MTL_ENABLE_DEBUG_INFO = NO;
				MTL_FAST_MATH = YES;
				SDKROOT = iphoneos;
				SWIFT_COMPILATION_MODE = wholemodule;
				SWIFT_OPTIMIZATION_LEVEL = "-O";
				VALIDATE_PRODUCT = YES;
			};
			name = Release;
		};
		D16A7C3E23E0AD140059A613 /* Debug */ = {
			isa = XCBuildConfiguration;
			baseConfigurationReference = 752061822CEFE9E8AADF9086 /* Pods-Parqueadero.debug.xcconfig */;
			buildSettings = {
				ASSETCATALOG_COMPILER_APPICON_NAME = AppIcon;
				CODE_SIGN_IDENTITY = "Apple Development";
				CODE_SIGN_STYLE = Automatic;
				DEVELOPMENT_TEAM = "";
				INFOPLIST_FILE = Parqueadero/Info.plist;
				LD_RUNPATH_SEARCH_PATHS = (
					"$(inherited)",
					"@executable_path/Frameworks",
				);
				PRODUCT_BUNDLE_IDENTIFIER = com.ceiba.Parqueadero;
				PRODUCT_NAME = "$(TARGET_NAME)";
				PROVISIONING_PROFILE_SPECIFIER = "";
				SWIFT_VERSION = 5.0;
				TARGETED_DEVICE_FAMILY = "1,2";
			};
			name = Debug;
		};
		D16A7C3F23E0AD140059A613 /* Release */ = {
			isa = XCBuildConfiguration;
			baseConfigurationReference = F3B3098299A28D581C614509 /* Pods-Parqueadero.release.xcconfig */;
			buildSettings = {
				ASSETCATALOG_COMPILER_APPICON_NAME = AppIcon;
				CODE_SIGN_IDENTITY = "Apple Development";
				CODE_SIGN_STYLE = Automatic;
				DEVELOPMENT_TEAM = "";
				INFOPLIST_FILE = Parqueadero/Info.plist;
				LD_RUNPATH_SEARCH_PATHS = (
					"$(inherited)",
					"@executable_path/Frameworks",
				);
				PRODUCT_BUNDLE_IDENTIFIER = com.ceiba.Parqueadero;
				PRODUCT_NAME = "$(TARGET_NAME)";
				PROVISIONING_PROFILE_SPECIFIER = "";
				SWIFT_VERSION = 5.0;
				TARGETED_DEVICE_FAMILY = "1,2";
			};
			name = Release;
		};
		D16A7C4123E0AD140059A613 /* Debug */ = {
			isa = XCBuildConfiguration;
			baseConfigurationReference = C9F65366A8AB139747F31036 /* Pods-ParqueaderoTests.debug.xcconfig */;
			buildSettings = {
				ALWAYS_EMBED_SWIFT_STANDARD_LIBRARIES = YES;
				BUNDLE_LOADER = "$(TEST_HOST)";
				CODE_SIGN_STYLE = Automatic;
				INFOPLIST_FILE = ParqueaderoTests/Info.plist;
				IPHONEOS_DEPLOYMENT_TARGET = 13.2;
				LD_RUNPATH_SEARCH_PATHS = (
					"$(inherited)",
					"@executable_path/Frameworks",
					"@loader_path/Frameworks",
				);
				PRODUCT_BUNDLE_IDENTIFIER = com.ceiba.ParqueaderoTests;
				PRODUCT_NAME = "$(TARGET_NAME)";
				SWIFT_VERSION = 5.0;
				TARGETED_DEVICE_FAMILY = "1,2";
				TEST_HOST = "$(BUILT_PRODUCTS_DIR)/Parqueadero.app/Parqueadero";
			};
			name = Debug;
		};
		D16A7C4223E0AD140059A613 /* Release */ = {
			isa = XCBuildConfiguration;
			baseConfigurationReference = B5F6A3A921679B189B4EA0D4 /* Pods-ParqueaderoTests.release.xcconfig */;
			buildSettings = {
				ALWAYS_EMBED_SWIFT_STANDARD_LIBRARIES = YES;
				BUNDLE_LOADER = "$(TEST_HOST)";
				CODE_SIGN_STYLE = Automatic;
				INFOPLIST_FILE = ParqueaderoTests/Info.plist;
				IPHONEOS_DEPLOYMENT_TARGET = 13.2;
				LD_RUNPATH_SEARCH_PATHS = (
					"$(inherited)",
					"@executable_path/Frameworks",
					"@loader_path/Frameworks",
				);
				PRODUCT_BUNDLE_IDENTIFIER = com.ceiba.ParqueaderoTests;
				PRODUCT_NAME = "$(TARGET_NAME)";
				SWIFT_VERSION = 5.0;
				TARGETED_DEVICE_FAMILY = "1,2";
				TEST_HOST = "$(BUILT_PRODUCTS_DIR)/Parqueadero.app/Parqueadero";
			};
			name = Release;
		};
		D16A7C4423E0AD140059A613 /* Debug */ = {
			isa = XCBuildConfiguration;
			baseConfigurationReference = 81788F45DEB16B8DAB8CF7AB /* Pods-Parqueadero-ParqueaderoUITests.debug.xcconfig */;
			buildSettings = {
				ALWAYS_EMBED_SWIFT_STANDARD_LIBRARIES = YES;
				CODE_SIGN_STYLE = Automatic;
				INFOPLIST_FILE = ParqueaderoUITests/Info.plist;
				LD_RUNPATH_SEARCH_PATHS = (
					"$(inherited)",
					"@executable_path/Frameworks",
					"@loader_path/Frameworks",
				);
				PRODUCT_BUNDLE_IDENTIFIER = com.ceiba.ParqueaderoUITests;
				PRODUCT_NAME = "$(TARGET_NAME)";
				SWIFT_VERSION = 5.0;
				TARGETED_DEVICE_FAMILY = "1,2";
				TEST_TARGET_NAME = Parqueadero;
			};
			name = Debug;
		};
		D16A7C4523E0AD140059A613 /* Release */ = {
			isa = XCBuildConfiguration;
			baseConfigurationReference = B5CF611EAFCA0503DC44E040 /* Pods-Parqueadero-ParqueaderoUITests.release.xcconfig */;
			buildSettings = {
				ALWAYS_EMBED_SWIFT_STANDARD_LIBRARIES = YES;
				CODE_SIGN_STYLE = Automatic;
				INFOPLIST_FILE = ParqueaderoUITests/Info.plist;
				LD_RUNPATH_SEARCH_PATHS = (
					"$(inherited)",
					"@executable_path/Frameworks",
					"@loader_path/Frameworks",
				);
				PRODUCT_BUNDLE_IDENTIFIER = com.ceiba.ParqueaderoUITests;
				PRODUCT_NAME = "$(TARGET_NAME)";
				SWIFT_VERSION = 5.0;
				TARGETED_DEVICE_FAMILY = "1,2";
				TEST_TARGET_NAME = Parqueadero;
			};
			name = Release;
		};
/* End XCBuildConfiguration section */

/* Begin XCConfigurationList section */
		D16A7C0E23E0AD110059A613 /* Build configuration list for PBXProject "Parqueadero" */ = {
			isa = XCConfigurationList;
			buildConfigurations = (
				D16A7C3B23E0AD140059A613 /* Debug */,
				D16A7C3C23E0AD140059A613 /* Release */,
			);
			defaultConfigurationIsVisible = 0;
			defaultConfigurationName = Release;
		};
		D16A7C3D23E0AD140059A613 /* Build configuration list for PBXNativeTarget "Parqueadero" */ = {
			isa = XCConfigurationList;
			buildConfigurations = (
				D16A7C3E23E0AD140059A613 /* Debug */,
				D16A7C3F23E0AD140059A613 /* Release */,
			);
			defaultConfigurationIsVisible = 0;
			defaultConfigurationName = Release;
		};
		D16A7C4023E0AD140059A613 /* Build configuration list for PBXNativeTarget "ParqueaderoTests" */ = {
			isa = XCConfigurationList;
			buildConfigurations = (
				D16A7C4123E0AD140059A613 /* Debug */,
				D16A7C4223E0AD140059A613 /* Release */,
			);
			defaultConfigurationIsVisible = 0;
			defaultConfigurationName = Release;
		};
		D16A7C4323E0AD140059A613 /* Build configuration list for PBXNativeTarget "ParqueaderoUITests" */ = {
			isa = XCConfigurationList;
			buildConfigurations = (
				D16A7C4423E0AD140059A613 /* Debug */,
				D16A7C4523E0AD140059A613 /* Release */,
			);
			defaultConfigurationIsVisible = 0;
			defaultConfigurationName = Release;
		};
/* End XCConfigurationList section */
	};
	rootObject = D16A7C0B23E0AD110059A613 /* Project object */;
}
